
Microsoft Visual Studio Solution File, Format Version 12.00
# Visual Studio 2013
VisualStudioVersion = 12.0.30723.0
MinimumVisualStudioVersion = 10.0.40219.1
Project("{FAE04EC0-301F-11D3-BF4B-00C04F79EFBC}") = "01进程", "01进程\01进程.csproj", "{442F980E-6A3C-4402-8673-5880B6216CB4}"
EndProject
Project("{FAE04EC0-301F-11D3-BF4B-00C04F79EFBC}") = "02打开文件练习", "02打开文件练习\02打开文件练习.csproj", "{4A883B10-1DF1-4E17-963C-D3F68FA26DA2}"
EndProject
Project("{FAE04EC0-301F-11D3-BF4B-00C04F79EFBC}") = "03面向对象复习", "03面向对象复习\03面向对象复习.csproj", "{A2E5BF33-3BCF-46BF-9D6B-69E3476C8476}"
EndProject
Project("{FAE04EC0-301F-11D3-BF4B-00C04F79EFBC}") = "04三个关键字", "04三个关键字\04三个关键字.csproj", "{93F8F942-C67C-4E2C-A118-FD61512920B6}"
EndProject
Project("{FAE04EC0-301F-11D3-BF4B-00C04F79EFBC}") = "05动物类继承", "05动物类继承\05动物类继承.csproj", "{703EB27E-67A5-4430-931B-74BE77A017FC}"
EndProject
Project("{FAE04EC0-301F-11D3-BF4B-00C04F79EFBC}") = "06里氏转换", "06里氏转换\06里氏转换.csproj", "{95FEFCA0-2AAA-4A0C-B7AE-E973C646AA0B}"
EndProject
Project("{FAE04EC0-301F-11D3-BF4B-00C04F79EFBC}") = "07虚方法", "07虚方法\07虚方法.csproj", "{249209BB-2B26-495B-8F8F-25971DED8012}"
EndProject
Project("{FAE04EC0-301F-11D3-BF4B-00C04F79EFBC}") = "08抽象类", "08抽象类\08抽象类.csproj", "{952F7348-80CD-4FD9-AD25-05FEDCD6136F}"
EndProject
Project("{FAE04EC0-301F-11D3-BF4B-00C04F79EFBC}") = "09抽象类特点", "09抽象类特点\09抽象类特点.csproj", "{AC0F58F0-ED74-4203-AE20-C0170460CE61}"
EndProject
Project("{FAE04EC0-301F-11D3-BF4B-00C04F79EFBC}") = "10移动设备练习", "10移动设备练习\10移动设备练习.csproj", "{74D3880F-9F0B-4E32-AF32-29E9E50D958E}"
EndProject
Project("{FAE04EC0-301F-11D3-BF4B-00C04F79EFBC}") = "11接口的使用", "11接口的使用\11接口的使用.csproj", "{3D944532-44E9-45FA-9787-09124EFDE6E2}"
EndProject
Project("{FAE04EC0-301F-11D3-BF4B-00C04F79EFBC}") = "12接口案例", "12接口案例\12接口案例.csproj", "{82C31B48-D7C8-4A6F-9565-F49CA4EADB59}"
EndProject
Project("{FAE04EC0-301F-11D3-BF4B-00C04F79EFBC}") = "13显示实现接口", "13显示实现接口\13显示实现接口.csproj", "{FCA605D6-2482-44A3-BAEE-D3C06C2AD33D}"
EndProject
Project("{FAE04EC0-301F-11D3-BF4B-00C04F79EFBC}") = "14抽象类实现接口", "14抽象类实现接口\14抽象类实现接口.csproj", "{DDF041A8-C928-4D6A-879C-2CB8CA25A839}"
EndProject
Project("{FAE04EC0-301F-11D3-BF4B-00C04F79EFBC}") = "15接口登记案例", "15接口登记案例\15接口登记案例.csproj", "{EFC6D482-8711-43E0-A388-D96E89296054}"
EndProject
Project("{FAE04EC0-301F-11D3-BF4B-00C04F79EFBC}") = "16剪刀石头布", "16剪刀石头布\16剪刀石头布.csproj", "{12992BF2-53D7-44E4-8D37-2D604254FE4E}"
EndProject
Project("{FAE04EC0-301F-11D3-BF4B-00C04F79EFBC}") = "17索引器的使用", "17索引器的使用\17索引器的使用.csproj", "{09332422-4475-46E4-AB27-BA1C33D6B668}"
EndProject
Project("{FAE04EC0-301F-11D3-BF4B-00C04F79EFBC}") = "18索引器的使用", "18索引器的使用\18索引器的使用.csproj", "{9E1D6471-376F-4085-AD3B-7204D0636285}"
EndProject
Project("{FAE04EC0-301F-11D3-BF4B-00C04F79EFBC}") = "19访问修饰符", "19访问修饰符\19访问修饰符.csproj", "{FA5310A7-D57A-48A9-BE20-1D855010F0B4}"
EndProject
Project("{FAE04EC0-301F-11D3-BF4B-00C04F79EFBC}") = "20访问修饰符Test", "20访问修饰符Test\20访问修饰符Test.csproj", "{D097FA20-B5B4-4236-BE5A-CDF896587BBF}"
EndProject
Global
	GlobalSection(SolutionConfigurationPlatforms) = preSolution
		Debug|Any CPU = Debug|Any CPU
		Release|Any CPU = Release|Any CPU
	EndGlobalSection
	GlobalSection(ProjectConfigurationPlatforms) = postSolution
		{442F980E-6A3C-4402-8673-5880B6216CB4}.Debug|Any CPU.ActiveCfg = Debug|Any CPU
		{442F980E-6A3C-4402-8673-5880B6216CB4}.Debug|Any CPU.Build.0 = Debug|Any CPU
		{442F980E-6A3C-4402-8673-5880B6216CB4}.Release|Any CPU.ActiveCfg = Release|Any CPU
		{442F980E-6A3C-4402-8673-5880B6216CB4}.Release|Any CPU.Build.0 = Release|Any CPU
		{4A883B10-1DF1-4E17-963C-D3F68FA26DA2}.Debug|Any CPU.ActiveCfg = Debug|Any CPU
		{4A883B10-1DF1-4E17-963C-D3F68FA26DA2}.Debug|Any CPU.Build.0 = Debug|Any CPU
		{4A883B10-1DF1-4E17-963C-D3F68FA26DA2}.Release|Any CPU.ActiveCfg = Release|Any CPU
		{4A883B10-1DF1-4E17-963C-D3F68FA26DA2}.Release|Any CPU.Build.0 = Release|Any CPU
		{A2E5BF33-3BCF-46BF-9D6B-69E3476C8476}.Debug|Any CPU.ActiveCfg = Debug|Any CPU
		{A2E5BF33-3BCF-46BF-9D6B-69E3476C8476}.Debug|Any CPU.Build.0 = Debug|Any CPU
		{A2E5BF33-3BCF-46BF-9D6B-69E3476C8476}.Release|Any CPU.ActiveCfg = Release|Any CPU
		{A2E5BF33-3BCF-46BF-9D6B-69E3476C8476}.Release|Any CPU.Build.0 = Release|Any CPU
		{93F8F942-C67C-4E2C-A118-FD61512920B6}.Debug|Any CPU.ActiveCfg = Debug|Any CPU
		{93F8F942-C67C-4E2C-A118-FD61512920B6}.Debug|Any CPU.Build.0 = Debug|Any CPU
		{93F8F942-C67C-4E2C-A118-FD61512920B6}.Release|Any CPU.ActiveCfg = Release|Any CPU
		{93F8F942-C67C-4E2C-A118-FD61512920B6}.Release|Any CPU.Build.0 = Release|Any CPU
		{703EB27E-67A5-4430-931B-74BE77A017FC}.Debug|Any CPU.ActiveCfg = Debug|Any CPU
		{703EB27E-67A5-4430-931B-74BE77A017FC}.Debug|Any CPU.Build.0 = Debug|Any CPU
		{703EB27E-67A5-4430-931B-74BE77A017FC}.Release|Any CPU.ActiveCfg = Release|Any CPU
		{703EB27E-67A5-4430-931B-74BE77A017FC}.Release|Any CPU.Build.0 = Release|Any CPU
		{95FEFCA0-2AAA-4A0C-B7AE-E973C646AA0B}.Debug|Any CPU.ActiveCfg = Debug|Any CPU
		{95FEFCA0-2AAA-4A0C-B7AE-E973C646AA0B}.Debug|Any CPU.Build.0 = Debug|Any CPU
		{95FEFCA0-2AAA-4A0C-B7AE-E973C646AA0B}.Release|Any CPU.ActiveCfg = Release|Any CPU
		{95FEFCA0-2AAA-4A0C-B7AE-E973C646AA0B}.Release|Any CPU.Build.0 = Release|Any CPU
		{249209BB-2B26-495B-8F8F-25971DED8012}.Debug|Any CPU.ActiveCfg = Debug|Any CPU
		{249209BB-2B26-495B-8F8F-25971DED8012}.Debug|Any CPU.Build.0 = Debug|Any CPU
		{249209BB-2B26-495B-8F8F-25971DED8012}.Release|Any CPU.ActiveCfg = Release|Any CPU
		{249209BB-2B26-495B-8F8F-25971DED8012}.Release|Any CPU.Build.0 = Release|Any CPU
		{952F7348-80CD-4FD9-AD25-05FEDCD6136F}.Debug|Any CPU.ActiveCfg = Debug|Any CPU
		{952F7348-80CD-4FD9-AD25-05FEDCD6136F}.Debug|Any CPU.Build.0 = Debug|Any CPU
		{952F7348-80CD-4FD9-AD25-05FEDCD6136F}.Release|Any CPU.ActiveCfg = Release|Any CPU
		{952F7348-80CD-4FD9-AD25-05FEDCD6136F}.Release|Any CPU.Build.0 = Release|Any CPU
		{AC0F58F0-ED74-4203-AE20-C0170460CE61}.Debug|Any CPU.ActiveCfg = Debug|Any CPU
		{AC0F58F0-ED74-4203-AE20-C0170460CE61}.Debug|Any CPU.Build.0 = Debug|Any CPU
		{AC0F58F0-ED74-4203-AE20-C0170460CE61}.Release|Any CPU.ActiveCfg = Release|Any CPU
		{AC0F58F0-ED74-4203-AE20-C0170460CE61}.Release|Any CPU.Build.0 = Release|Any CPU
		{74D3880F-9F0B-4E32-AF32-29E9E50D958E}.Debug|Any CPU.ActiveCfg = Debug|Any CPU
		{74D3880F-9F0B-4E32-AF32-29E9E50D958E}.Debug|Any CPU.Build.0 = Debug|Any CPU
		{74D3880F-9F0B-4E32-AF32-29E9E50D958E}.Release|Any CPU.ActiveCfg = Release|Any CPU
		{74D3880F-9F0B-4E32-AF32-29E9E50D958E}.Release|Any CPU.Build.0 = Release|Any CPU
		{3D944532-44E9-45FA-9787-09124EFDE6E2}.Debug|Any CPU.ActiveCfg = Debug|Any CPU
		{3D944532-44E9-45FA-9787-09124EFDE6E2}.Debug|Any CPU.Build.0 = Debug|Any CPU
		{3D944532-44E9-45FA-9787-09124EFDE6E2}.Release|Any CPU.ActiveCfg = Release|Any CPU
		{3D944532-44E9-45FA-9787-09124EFDE6E2}.Release|Any CPU.Build.0 = Release|Any CPU
		{82C31B48-D7C8-4A6F-9565-F49CA4EADB59}.Debug|Any CPU.ActiveCfg = Debug|Any CPU
		{82C31B48-D7C8-4A6F-9565-F49CA4EADB59}.Debug|Any CPU.Build.0 = Debug|Any CPU
		{82C31B48-D7C8-4A6F-9565-F49CA4EADB59}.Release|Any CPU.ActiveCfg = Release|Any CPU
		{82C31B48-D7C8-4A6F-9565-F49CA4EADB59}.Release|Any CPU.Build.0 = Release|Any CPU
		{FCA605D6-2482-44A3-BAEE-D3C06C2AD33D}.Debug|Any CPU.ActiveCfg = Debug|Any CPU
		{FCA605D6-2482-44A3-BAEE-D3C06C2AD33D}.Debug|Any CPU.Build.0 = Debug|Any CPU
		{FCA605D6-2482-44A3-BAEE-D3C06C2AD33D}.Release|Any CPU.ActiveCfg = Release|Any CPU
		{FCA605D6-2482-44A3-BAEE-D3C06C2AD33D}.Release|Any CPU.Build.0 = Release|Any CPU
		{DDF041A8-C928-4D6A-879C-2CB8CA25A839}.Debug|Any CPU.ActiveCfg = Debug|Any CPU
		{DDF041A8-C928-4D6A-879C-2CB8CA25A839}.Debug|Any CPU.Build.0 = Debug|Any CPU
		{DDF041A8-C928-4D6A-879C-2CB8CA25A839}.Release|Any CPU.ActiveCfg = Release|Any CPU
		{DDF041A8-C928-4D6A-879C-2CB8CA25A839}.Release|Any CPU.Build.0 = Release|Any CPU
		{EFC6D482-8711-43E0-A388-D96E89296054}.Debug|Any CPU.ActiveCfg = Debug|Any CPU
		{EFC6D482-8711-43E0-A388-D96E89296054}.Debug|Any CPU.Build.0 = Debug|Any CPU
		{EFC6D482-8711-43E0-A388-D96E89296054}.Release|Any CPU.ActiveCfg = Release|Any CPU
		{EFC6D482-8711-43E0-A388-D96E89296054}.Release|Any CPU.Build.0 = Release|Any CPU
		{12992BF2-53D7-44E4-8D37-2D604254FE4E}.Debug|Any CPU.ActiveCfg = Debug|Any CPU
		{12992BF2-53D7-44E4-8D37-2D604254FE4E}.Debug|Any CPU.Build.0 = Debug|Any CPU
		{12992BF2-53D7-44E4-8D37-2D604254FE4E}.Release|Any CPU.ActiveCfg = Release|Any CPU
		{12992BF2-53D7-44E4-8D37-2D604254FE4E}.Release|Any CPU.Build.0 = Release|Any CPU
		{09332422-4475-46E4-AB27-BA1C33D6B668}.Debug|Any CPU.ActiveCfg = Debug|Any CPU
		{09332422-4475-46E4-AB27-BA1C33D6B668}.Debug|Any CPU.Build.0 = Debug|Any CPU
		{09332422-4475-46E4-AB27-BA1C33D6B668}.Release|Any CPU.ActiveCfg = Release|Any CPU
		{09332422-4475-46E4-AB27-BA1C33D6B668}.Release|Any CPU.Build.0 = Release|Any CPU
		{9E1D6471-376F-4085-AD3B-7204D0636285}.Debug|Any CPU.ActiveCfg = Debug|Any CPU
		{9E1D6471-376F-4085-AD3B-7204D0636285}.Debug|Any CPU.Build.0 = Debug|Any CPU
		{9E1D6471-376F-4085-AD3B-7204D0636285}.Release|Any CPU.ActiveCfg = Release|Any CPU
		{9E1D6471-376F-4085-AD3B-7204D0636285}.Release|Any CPU.Build.0 = Release|Any CPU
		{FA5310A7-D57A-48A9-BE20-1D855010F0B4}.Debug|Any CPU.ActiveCfg = Debug|Any CPU
		{FA5310A7-D57A-48A9-BE20-1D855010F0B4}.Debug|Any CPU.Build.0 = Debug|Any CPU
		{FA5310A7-D57A-48A9-BE20-1D855010F0B4}.Release|Any CPU.ActiveCfg = Release|Any CPU
		{FA5310A7-D57A-48A9-BE20-1D855010F0B4}.Release|Any CPU.Build.0 = Release|Any CPU
		{D097FA20-B5B4-4236-BE5A-CDF896587BBF}.Debug|Any CPU.ActiveCfg = Debug|Any CPU
		{D097FA20-B5B4-4236-BE5A-CDF896587BBF}.Debug|Any CPU.Build.0 = Debug|Any CPU
		{D097FA20-B5B4-4236-BE5A-CDF896587BBF}.Release|Any CPU.ActiveCfg = Release|Any CPU
		{D097FA20-B5B4-4236-BE5A-CDF896587BBF}.Release|Any CPU.Build.0 = Release|Any CPU
	EndGlobalSection
	GlobalSection(SolutionProperties) = preSolution
		HideSolutionNode = FALSE
	EndGlobalSection
EndGlobal
