
Microsoft Visual Studio Solution File, Format Version 12.00
# Visual Studio 2013
VisualStudioVersion = 12.0.21005.1
MinimumVisualStudioVersion = 10.0.40219.1
Project("{FAE04EC0-301F-11D3-BF4B-00C04F79EFBC}") = "01面向对象复习", "01面向对象复习\01面向对象复习.csproj", "{2DE2C692-38E2-4D7A-AA09-EDA6A8D42918}"
EndProject
Project("{FAE04EC0-301F-11D3-BF4B-00C04F79EFBC}") = "Test", "Test\Test.csproj", "{17799B5B-4401-466C-B30E-40C20EE0BF3D}"
EndProject
Project("{FAE04EC0-301F-11D3-BF4B-00C04F79EFBC}") = "02关键字的用法", "02关键字的用法\02关键字的用法.csproj", "{83D32FDA-E89B-4C5C-8B39-6081872F2CCF}"
EndProject
Project("{FAE04EC0-301F-11D3-BF4B-00C04F79EFBC}") = "03抽象类练习", "03抽象类练习\03抽象类练习.csproj", "{A539447F-5395-4AA1-B8AB-AAB0BFFA7597}"
EndProject
Project("{FAE04EC0-301F-11D3-BF4B-00C04F79EFBC}") = "04虚方法和抽象类", "04虚方法和抽象类\04虚方法和抽象类.csproj", "{E9DF240B-BF75-450E-9036-77B8D188E826}"
EndProject
Project("{FAE04EC0-301F-11D3-BF4B-00C04F79EFBC}") = "05接口复习", "05接口复习\05接口复习.csproj", "{432D15F5-F4C2-458E-8CC5-46787F1C6607}"
EndProject
Project("{FAE04EC0-301F-11D3-BF4B-00C04F79EFBC}") = "06面向对象练习", "06面向对象练习\06面向对象练习.csproj", "{71F35216-350B-486B-B025-5022F8A6E7DB}"
EndProject
Project("{FAE04EC0-301F-11D3-BF4B-00C04F79EFBC}") = "07面向对象多态练习", "07面向对象多态练习\07面向对象多态练习.csproj", "{6C303FC6-746A-4215-BEEB-2D2253D8E8D2}"
EndProject
Project("{FAE04EC0-301F-11D3-BF4B-00C04F79EFBC}") = "08面向对象多态练习", "08面向对象多态练习\08面向对象多态练习.csproj", "{BF3E4758-EE98-4127-9972-AB550E3114F6}"
EndProject
Project("{FAE04EC0-301F-11D3-BF4B-00C04F79EFBC}") = "09面向对象接口练习", "09面向对象接口练习\09面向对象接口练习.csproj", "{34D27A0B-6883-4AF6-9901-3BB89C5C39B5}"
EndProject
Project("{FAE04EC0-301F-11D3-BF4B-00C04F79EFBC}") = "10面向对象多态练习", "10面向对象多态练习\10面向对象多态练习.csproj", "{E4FAB6D9-B5FF-49D3-A982-5B4E2A81C79D}"
EndProject
Project("{FAE04EC0-301F-11D3-BF4B-00C04F79EFBC}") = "11、抽象类练习", "11、抽象类练习\11、抽象类练习.csproj", "{BD941EFD-F2AA-4BDA-853D-693BBB09B806}"
EndProject
Project("{FAE04EC0-301F-11D3-BF4B-00C04F79EFBC}") = "12字符串", "12字符串\12字符串.csproj", "{CA741A54-0EA7-4245-8276-5D9026B45C7E}"
EndProject
Project("{FAE04EC0-301F-11D3-BF4B-00C04F79EFBC}") = "13、字符串练习", "13、字符串练习\13、字符串练习.csproj", "{D9E4F68A-5C9D-4625-9D71-8A51799A85A4}"
EndProject
Project("{FAE04EC0-301F-11D3-BF4B-00C04F79EFBC}") = "14、高效的StringBuilder", "14、高效的StringBuilder\14、高效的StringBuilder.csproj", "{E44F2FEE-A018-47AF-A185-2410E849D58D}"
EndProject
Project("{FAE04EC0-301F-11D3-BF4B-00C04F79EFBC}") = "15、使用StringBuilder来拼接网页", "15、使用StringBuilder来拼接网页\15、使用StringBuilder来拼接网页.csproj", "{ED4761A0-63DC-427D-B0D9-8C2126989855}"
EndProject
Project("{FAE04EC0-301F-11D3-BF4B-00C04F79EFBC}") = "16、集合复习", "16、集合复习\16、集合复习.csproj", "{5E268DEC-628E-493E-8A81-F1A04EBEE18A}"
EndProject
Project("{FAE04EC0-301F-11D3-BF4B-00C04F79EFBC}") = "17集合练习", "17集合练习\17集合练习.csproj", "{D97F2EF2-783E-4892-AFB6-AD0B53BEE41E}"
EndProject
Project("{FAE04EC0-301F-11D3-BF4B-00C04F79EFBC}") = "18、静态和非静态的区别", "18、静态和非静态的区别\18、静态和非静态的区别.csproj", "{9A8C6979-52EC-4DCC-BF15-5973AE886F18}"
EndProject
Project("{FAE04EC0-301F-11D3-BF4B-00C04F79EFBC}") = "19、结构和类的区别", "19、结构和类的区别\19、结构和类的区别.csproj", "{B034ECF4-5DC3-449C-978C-D5BCC9EED68F}"
EndProject
Global
	GlobalSection(SolutionConfigurationPlatforms) = preSolution
		Debug|Any CPU = Debug|Any CPU
		Release|Any CPU = Release|Any CPU
	EndGlobalSection
	GlobalSection(ProjectConfigurationPlatforms) = postSolution
		{2DE2C692-38E2-4D7A-AA09-EDA6A8D42918}.Debug|Any CPU.ActiveCfg = Debug|Any CPU
		{2DE2C692-38E2-4D7A-AA09-EDA6A8D42918}.Debug|Any CPU.Build.0 = Debug|Any CPU
		{2DE2C692-38E2-4D7A-AA09-EDA6A8D42918}.Release|Any CPU.ActiveCfg = Release|Any CPU
		{2DE2C692-38E2-4D7A-AA09-EDA6A8D42918}.Release|Any CPU.Build.0 = Release|Any CPU
		{17799B5B-4401-466C-B30E-40C20EE0BF3D}.Debug|Any CPU.ActiveCfg = Debug|Any CPU
		{17799B5B-4401-466C-B30E-40C20EE0BF3D}.Debug|Any CPU.Build.0 = Debug|Any CPU
		{17799B5B-4401-466C-B30E-40C20EE0BF3D}.Release|Any CPU.ActiveCfg = Release|Any CPU
		{17799B5B-4401-466C-B30E-40C20EE0BF3D}.Release|Any CPU.Build.0 = Release|Any CPU
		{83D32FDA-E89B-4C5C-8B39-6081872F2CCF}.Debug|Any CPU.ActiveCfg = Debug|Any CPU
		{83D32FDA-E89B-4C5C-8B39-6081872F2CCF}.Debug|Any CPU.Build.0 = Debug|Any CPU
		{83D32FDA-E89B-4C5C-8B39-6081872F2CCF}.Release|Any CPU.ActiveCfg = Release|Any CPU
		{83D32FDA-E89B-4C5C-8B39-6081872F2CCF}.Release|Any CPU.Build.0 = Release|Any CPU
		{A539447F-5395-4AA1-B8AB-AAB0BFFA7597}.Debug|Any CPU.ActiveCfg = Debug|Any CPU
		{A539447F-5395-4AA1-B8AB-AAB0BFFA7597}.Debug|Any CPU.Build.0 = Debug|Any CPU
		{A539447F-5395-4AA1-B8AB-AAB0BFFA7597}.Release|Any CPU.ActiveCfg = Release|Any CPU
		{A539447F-5395-4AA1-B8AB-AAB0BFFA7597}.Release|Any CPU.Build.0 = Release|Any CPU
		{E9DF240B-BF75-450E-9036-77B8D188E826}.Debug|Any CPU.ActiveCfg = Debug|Any CPU
		{E9DF240B-BF75-450E-9036-77B8D188E826}.Debug|Any CPU.Build.0 = Debug|Any CPU
		{E9DF240B-BF75-450E-9036-77B8D188E826}.Release|Any CPU.ActiveCfg = Release|Any CPU
		{E9DF240B-BF75-450E-9036-77B8D188E826}.Release|Any CPU.Build.0 = Release|Any CPU
		{432D15F5-F4C2-458E-8CC5-46787F1C6607}.Debug|Any CPU.ActiveCfg = Debug|Any CPU
		{432D15F5-F4C2-458E-8CC5-46787F1C6607}.Debug|Any CPU.Build.0 = Debug|Any CPU
		{432D15F5-F4C2-458E-8CC5-46787F1C6607}.Release|Any CPU.ActiveCfg = Release|Any CPU
		{432D15F5-F4C2-458E-8CC5-46787F1C6607}.Release|Any CPU.Build.0 = Release|Any CPU
		{71F35216-350B-486B-B025-5022F8A6E7DB}.Debug|Any CPU.ActiveCfg = Debug|Any CPU
		{71F35216-350B-486B-B025-5022F8A6E7DB}.Debug|Any CPU.Build.0 = Debug|Any CPU
		{71F35216-350B-486B-B025-5022F8A6E7DB}.Release|Any CPU.ActiveCfg = Release|Any CPU
		{71F35216-350B-486B-B025-5022F8A6E7DB}.Release|Any CPU.Build.0 = Release|Any CPU
		{6C303FC6-746A-4215-BEEB-2D2253D8E8D2}.Debug|Any CPU.ActiveCfg = Debug|Any CPU
		{6C303FC6-746A-4215-BEEB-2D2253D8E8D2}.Debug|Any CPU.Build.0 = Debug|Any CPU
		{6C303FC6-746A-4215-BEEB-2D2253D8E8D2}.Release|Any CPU.ActiveCfg = Release|Any CPU
		{6C303FC6-746A-4215-BEEB-2D2253D8E8D2}.Release|Any CPU.Build.0 = Release|Any CPU
		{BF3E4758-EE98-4127-9972-AB550E3114F6}.Debug|Any CPU.ActiveCfg = Debug|Any CPU
		{BF3E4758-EE98-4127-9972-AB550E3114F6}.Debug|Any CPU.Build.0 = Debug|Any CPU
		{BF3E4758-EE98-4127-9972-AB550E3114F6}.Release|Any CPU.ActiveCfg = Release|Any CPU
		{BF3E4758-EE98-4127-9972-AB550E3114F6}.Release|Any CPU.Build.0 = Release|Any CPU
		{34D27A0B-6883-4AF6-9901-3BB89C5C39B5}.Debug|Any CPU.ActiveCfg = Debug|Any CPU
		{34D27A0B-6883-4AF6-9901-3BB89C5C39B5}.Debug|Any CPU.Build.0 = Debug|Any CPU
		{34D27A0B-6883-4AF6-9901-3BB89C5C39B5}.Release|Any CPU.ActiveCfg = Release|Any CPU
		{34D27A0B-6883-4AF6-9901-3BB89C5C39B5}.Release|Any CPU.Build.0 = Release|Any CPU
		{E4FAB6D9-B5FF-49D3-A982-5B4E2A81C79D}.Debug|Any CPU.ActiveCfg = Debug|Any CPU
		{E4FAB6D9-B5FF-49D3-A982-5B4E2A81C79D}.Debug|Any CPU.Build.0 = Debug|Any CPU
		{E4FAB6D9-B5FF-49D3-A982-5B4E2A81C79D}.Release|Any CPU.ActiveCfg = Release|Any CPU
		{E4FAB6D9-B5FF-49D3-A982-5B4E2A81C79D}.Release|Any CPU.Build.0 = Release|Any CPU
		{BD941EFD-F2AA-4BDA-853D-693BBB09B806}.Debug|Any CPU.ActiveCfg = Debug|Any CPU
		{BD941EFD-F2AA-4BDA-853D-693BBB09B806}.Debug|Any CPU.Build.0 = Debug|Any CPU
		{BD941EFD-F2AA-4BDA-853D-693BBB09B806}.Release|Any CPU.ActiveCfg = Release|Any CPU
		{BD941EFD-F2AA-4BDA-853D-693BBB09B806}.Release|Any CPU.Build.0 = Release|Any CPU
		{CA741A54-0EA7-4245-8276-5D9026B45C7E}.Debug|Any CPU.ActiveCfg = Debug|Any CPU
		{CA741A54-0EA7-4245-8276-5D9026B45C7E}.Debug|Any CPU.Build.0 = Debug|Any CPU
		{CA741A54-0EA7-4245-8276-5D9026B45C7E}.Release|Any CPU.ActiveCfg = Release|Any CPU
		{CA741A54-0EA7-4245-8276-5D9026B45C7E}.Release|Any CPU.Build.0 = Release|Any CPU
		{D9E4F68A-5C9D-4625-9D71-8A51799A85A4}.Debug|Any CPU.ActiveCfg = Debug|Any CPU
		{D9E4F68A-5C9D-4625-9D71-8A51799A85A4}.Debug|Any CPU.Build.0 = Debug|Any CPU
		{D9E4F68A-5C9D-4625-9D71-8A51799A85A4}.Release|Any CPU.ActiveCfg = Release|Any CPU
		{D9E4F68A-5C9D-4625-9D71-8A51799A85A4}.Release|Any CPU.Build.0 = Release|Any CPU
		{E44F2FEE-A018-47AF-A185-2410E849D58D}.Debug|Any CPU.ActiveCfg = Debug|Any CPU
		{E44F2FEE-A018-47AF-A185-2410E849D58D}.Debug|Any CPU.Build.0 = Debug|Any CPU
		{E44F2FEE-A018-47AF-A185-2410E849D58D}.Release|Any CPU.ActiveCfg = Release|Any CPU
		{E44F2FEE-A018-47AF-A185-2410E849D58D}.Release|Any CPU.Build.0 = Release|Any CPU
		{ED4761A0-63DC-427D-B0D9-8C2126989855}.Debug|Any CPU.ActiveCfg = Debug|Any CPU
		{ED4761A0-63DC-427D-B0D9-8C2126989855}.Debug|Any CPU.Build.0 = Debug|Any CPU
		{ED4761A0-63DC-427D-B0D9-8C2126989855}.Release|Any CPU.ActiveCfg = Release|Any CPU
		{ED4761A0-63DC-427D-B0D9-8C2126989855}.Release|Any CPU.Build.0 = Release|Any CPU
		{5E268DEC-628E-493E-8A81-F1A04EBEE18A}.Debug|Any CPU.ActiveCfg = Debug|Any CPU
		{5E268DEC-628E-493E-8A81-F1A04EBEE18A}.Debug|Any CPU.Build.0 = Debug|Any CPU
		{5E268DEC-628E-493E-8A81-F1A04EBEE18A}.Release|Any CPU.ActiveCfg = Release|Any CPU
		{5E268DEC-628E-493E-8A81-F1A04EBEE18A}.Release|Any CPU.Build.0 = Release|Any CPU
		{D97F2EF2-783E-4892-AFB6-AD0B53BEE41E}.Debug|Any CPU.ActiveCfg = Debug|Any CPU
		{D97F2EF2-783E-4892-AFB6-AD0B53BEE41E}.Debug|Any CPU.Build.0 = Debug|Any CPU
		{D97F2EF2-783E-4892-AFB6-AD0B53BEE41E}.Release|Any CPU.ActiveCfg = Release|Any CPU
		{D97F2EF2-783E-4892-AFB6-AD0B53BEE41E}.Release|Any CPU.Build.0 = Release|Any CPU
		{9A8C6979-52EC-4DCC-BF15-5973AE886F18}.Debug|Any CPU.ActiveCfg = Debug|Any CPU
		{9A8C6979-52EC-4DCC-BF15-5973AE886F18}.Debug|Any CPU.Build.0 = Debug|Any CPU
		{9A8C6979-52EC-4DCC-BF15-5973AE886F18}.Release|Any CPU.ActiveCfg = Release|Any CPU
		{9A8C6979-52EC-4DCC-BF15-5973AE886F18}.Release|Any CPU.Build.0 = Release|Any CPU
		{B034ECF4-5DC3-449C-978C-D5BCC9EED68F}.Debug|Any CPU.ActiveCfg = Debug|Any CPU
		{B034ECF4-5DC3-449C-978C-D5BCC9EED68F}.Debug|Any CPU.Build.0 = Debug|Any CPU
		{B034ECF4-5DC3-449C-978C-D5BCC9EED68F}.Release|Any CPU.ActiveCfg = Release|Any CPU
		{B034ECF4-5DC3-449C-978C-D5BCC9EED68F}.Release|Any CPU.Build.0 = Release|Any CPU
	EndGlobalSection
	GlobalSection(SolutionProperties) = preSolution
		HideSolutionNode = FALSE
	EndGlobalSection
EndGlobal
