
Microsoft Visual Studio Solution File, Format Version 12.00
# Visual Studio 15
VisualStudioVersion = 15.0.28307.1082
MinimumVisualStudioVersion = 10.0.40219.1
Project("{FAE04EC0-301F-11D3-BF4B-00C04F79EFBC}") = "01复习", "01复习\01复习.csproj", "{2D19EA24-4614-41AB-8BF4-98E3FCF8D6D4}"
EndProject
Project("{FAE04EC0-301F-11D3-BF4B-00C04F79EFBC}") = "02方法的调用问题", "02方法的调用问题\02方法的调用问题.csproj", "{FFC6BC55-4598-45F5-8AAA-8C6EDE12166E}"
EndProject
Project("{FAE04EC0-301F-11D3-BF4B-00C04F79EFBC}") = "03判断闰年", "03判断闰年\03判断闰年.csproj", "{B96FA0C4-EA3B-43EE-8A4A-C8AA231EE093}"
EndProject
Project("{FAE04EC0-301F-11D3-BF4B-00C04F79EFBC}") = "04方法概念", "04方法概念\04方法概念.csproj", "{A61F1BCC-0E89-4F44-B83C-9993708E7C8E}"
EndProject
Project("{FAE04EC0-301F-11D3-BF4B-00C04F79EFBC}") = "05方法练习", "05方法练习\05方法练习.csproj", "{8D106095-5E27-429B-A7D7-32740DFAFA18}"
EndProject
Project("{FAE04EC0-301F-11D3-BF4B-00C04F79EFBC}") = "06方法的3个练习", "06方法的3个练习\06方法的3个练习.csproj", "{1DCCEE60-1B76-4D38-BE3F-752E74E8EFE6}"
EndProject
Project("{FAE04EC0-301F-11D3-BF4B-00C04F79EFBC}") = "07out参数", "07out参数\07out参数.csproj", "{FC24C6C9-7F7A-4D89-8E75-76F5605DF30C}"
EndProject
Project("{FAE04EC0-301F-11D3-BF4B-00C04F79EFBC}") = "08使用out参数做登陆", "08使用out参数做登陆\08使用out参数做登陆.csproj", "{EA2F06F3-FC30-44B9-97A6-E7BD83AA2E9A}"
EndProject
Project("{FAE04EC0-301F-11D3-BF4B-00C04F79EFBC}") = "09自己动手写tryparse", "09自己动手写tryparse\09自己动手写tryparse.csproj", "{DE57F247-5315-47C9-887F-2FAE9E171CA2}"
EndProject
Project("{FAE04EC0-301F-11D3-BF4B-00C04F79EFBC}") = "10ref参数", "10ref参数\10ref参数.csproj", "{5F2BF710-710D-4D57-9E83-2AF625ADE92E}"
EndProject
Project("{FAE04EC0-301F-11D3-BF4B-00C04F79EFBC}") = "11、ref练习", "11、ref练习\11、ref练习.csproj", "{98F74FCB-7088-4F9F-8391-33BAE2FC8CD9}"
EndProject
Project("{FAE04EC0-301F-11D3-BF4B-00C04F79EFBC}") = "12params可变参数", "12params可变参数\12params可变参数.csproj", "{2F64F4EE-A99F-4D2E-BFEC-E7F13EACB108}"
EndProject
Project("{FAE04EC0-301F-11D3-BF4B-00C04F79EFBC}") = "13、方法的重载", "13、方法的重载\13、方法的重载.csproj", "{8AD52143-8DF7-4DE8-9ADE-8B82AAFF1824}"
EndProject
Project("{FAE04EC0-301F-11D3-BF4B-00C04F79EFBC}") = "14、方法的递归", "14、方法的递归\14、方法的递归.csproj", "{5C0E34BF-6FE1-45BF-AD5B-E5A99AB1C152}"
EndProject
Project("{FAE04EC0-301F-11D3-BF4B-00C04F79EFBC}") = "15方法练习", "15方法练习\15方法练习.csproj", "{9C8AECC2-9B8F-4816-BD79-67CF9312DEC5}"
EndProject
Project("{FAE04EC0-301F-11D3-BF4B-00C04F79EFBC}") = "03判断闰年02", "03判断闰年02\03判断闰年02.csproj", "{DD69BB67-C875-4E80-9FE5-DAF7514FBD5E}"
EndProject
Project("{FAE04EC0-301F-11D3-BF4B-00C04F79EFBC}") = "09自己动手写tryparse02", "09自己动手写tryparse02\09自己动手写tryparse02.csproj", "{B099FD39-C9D2-467B-A4A6-15F48F873022}"
EndProject
Project("{FAE04EC0-301F-11D3-BF4B-00C04F79EFBC}") = "15方法练习02", "15方法练习02\15方法练习02.csproj", "{D87E978D-98CA-4FDB-9342-1BFC11476667}"
EndProject
Global
	GlobalSection(SolutionConfigurationPlatforms) = preSolution
		Debug|Any CPU = Debug|Any CPU
		Release|Any CPU = Release|Any CPU
	EndGlobalSection
	GlobalSection(ProjectConfigurationPlatforms) = postSolution
		{2D19EA24-4614-41AB-8BF4-98E3FCF8D6D4}.Debug|Any CPU.ActiveCfg = Debug|Any CPU
		{2D19EA24-4614-41AB-8BF4-98E3FCF8D6D4}.Debug|Any CPU.Build.0 = Debug|Any CPU
		{2D19EA24-4614-41AB-8BF4-98E3FCF8D6D4}.Release|Any CPU.ActiveCfg = Release|Any CPU
		{2D19EA24-4614-41AB-8BF4-98E3FCF8D6D4}.Release|Any CPU.Build.0 = Release|Any CPU
		{FFC6BC55-4598-45F5-8AAA-8C6EDE12166E}.Debug|Any CPU.ActiveCfg = Debug|Any CPU
		{FFC6BC55-4598-45F5-8AAA-8C6EDE12166E}.Debug|Any CPU.Build.0 = Debug|Any CPU
		{FFC6BC55-4598-45F5-8AAA-8C6EDE12166E}.Release|Any CPU.ActiveCfg = Release|Any CPU
		{FFC6BC55-4598-45F5-8AAA-8C6EDE12166E}.Release|Any CPU.Build.0 = Release|Any CPU
		{B96FA0C4-EA3B-43EE-8A4A-C8AA231EE093}.Debug|Any CPU.ActiveCfg = Debug|Any CPU
		{B96FA0C4-EA3B-43EE-8A4A-C8AA231EE093}.Debug|Any CPU.Build.0 = Debug|Any CPU
		{B96FA0C4-EA3B-43EE-8A4A-C8AA231EE093}.Release|Any CPU.ActiveCfg = Release|Any CPU
		{B96FA0C4-EA3B-43EE-8A4A-C8AA231EE093}.Release|Any CPU.Build.0 = Release|Any CPU
		{A61F1BCC-0E89-4F44-B83C-9993708E7C8E}.Debug|Any CPU.ActiveCfg = Debug|Any CPU
		{A61F1BCC-0E89-4F44-B83C-9993708E7C8E}.Debug|Any CPU.Build.0 = Debug|Any CPU
		{A61F1BCC-0E89-4F44-B83C-9993708E7C8E}.Release|Any CPU.ActiveCfg = Release|Any CPU
		{A61F1BCC-0E89-4F44-B83C-9993708E7C8E}.Release|Any CPU.Build.0 = Release|Any CPU
		{8D106095-5E27-429B-A7D7-32740DFAFA18}.Debug|Any CPU.ActiveCfg = Debug|Any CPU
		{8D106095-5E27-429B-A7D7-32740DFAFA18}.Debug|Any CPU.Build.0 = Debug|Any CPU
		{8D106095-5E27-429B-A7D7-32740DFAFA18}.Release|Any CPU.ActiveCfg = Release|Any CPU
		{8D106095-5E27-429B-A7D7-32740DFAFA18}.Release|Any CPU.Build.0 = Release|Any CPU
		{1DCCEE60-1B76-4D38-BE3F-752E74E8EFE6}.Debug|Any CPU.ActiveCfg = Debug|Any CPU
		{1DCCEE60-1B76-4D38-BE3F-752E74E8EFE6}.Debug|Any CPU.Build.0 = Debug|Any CPU
		{1DCCEE60-1B76-4D38-BE3F-752E74E8EFE6}.Release|Any CPU.ActiveCfg = Release|Any CPU
		{1DCCEE60-1B76-4D38-BE3F-752E74E8EFE6}.Release|Any CPU.Build.0 = Release|Any CPU
		{FC24C6C9-7F7A-4D89-8E75-76F5605DF30C}.Debug|Any CPU.ActiveCfg = Debug|Any CPU
		{FC24C6C9-7F7A-4D89-8E75-76F5605DF30C}.Debug|Any CPU.Build.0 = Debug|Any CPU
		{FC24C6C9-7F7A-4D89-8E75-76F5605DF30C}.Release|Any CPU.ActiveCfg = Release|Any CPU
		{FC24C6C9-7F7A-4D89-8E75-76F5605DF30C}.Release|Any CPU.Build.0 = Release|Any CPU
		{EA2F06F3-FC30-44B9-97A6-E7BD83AA2E9A}.Debug|Any CPU.ActiveCfg = Debug|Any CPU
		{EA2F06F3-FC30-44B9-97A6-E7BD83AA2E9A}.Debug|Any CPU.Build.0 = Debug|Any CPU
		{EA2F06F3-FC30-44B9-97A6-E7BD83AA2E9A}.Release|Any CPU.ActiveCfg = Release|Any CPU
		{EA2F06F3-FC30-44B9-97A6-E7BD83AA2E9A}.Release|Any CPU.Build.0 = Release|Any CPU
		{DE57F247-5315-47C9-887F-2FAE9E171CA2}.Debug|Any CPU.ActiveCfg = Debug|Any CPU
		{DE57F247-5315-47C9-887F-2FAE9E171CA2}.Debug|Any CPU.Build.0 = Debug|Any CPU
		{DE57F247-5315-47C9-887F-2FAE9E171CA2}.Release|Any CPU.ActiveCfg = Release|Any CPU
		{DE57F247-5315-47C9-887F-2FAE9E171CA2}.Release|Any CPU.Build.0 = Release|Any CPU
		{5F2BF710-710D-4D57-9E83-2AF625ADE92E}.Debug|Any CPU.ActiveCfg = Debug|Any CPU
		{5F2BF710-710D-4D57-9E83-2AF625ADE92E}.Debug|Any CPU.Build.0 = Debug|Any CPU
		{5F2BF710-710D-4D57-9E83-2AF625ADE92E}.Release|Any CPU.ActiveCfg = Release|Any CPU
		{5F2BF710-710D-4D57-9E83-2AF625ADE92E}.Release|Any CPU.Build.0 = Release|Any CPU
		{98F74FCB-7088-4F9F-8391-33BAE2FC8CD9}.Debug|Any CPU.ActiveCfg = Debug|Any CPU
		{98F74FCB-7088-4F9F-8391-33BAE2FC8CD9}.Debug|Any CPU.Build.0 = Debug|Any CPU
		{98F74FCB-7088-4F9F-8391-33BAE2FC8CD9}.Release|Any CPU.ActiveCfg = Release|Any CPU
		{98F74FCB-7088-4F9F-8391-33BAE2FC8CD9}.Release|Any CPU.Build.0 = Release|Any CPU
		{2F64F4EE-A99F-4D2E-BFEC-E7F13EACB108}.Debug|Any CPU.ActiveCfg = Debug|Any CPU
		{2F64F4EE-A99F-4D2E-BFEC-E7F13EACB108}.Debug|Any CPU.Build.0 = Debug|Any CPU
		{2F64F4EE-A99F-4D2E-BFEC-E7F13EACB108}.Release|Any CPU.ActiveCfg = Release|Any CPU
		{2F64F4EE-A99F-4D2E-BFEC-E7F13EACB108}.Release|Any CPU.Build.0 = Release|Any CPU
		{8AD52143-8DF7-4DE8-9ADE-8B82AAFF1824}.Debug|Any CPU.ActiveCfg = Debug|Any CPU
		{8AD52143-8DF7-4DE8-9ADE-8B82AAFF1824}.Debug|Any CPU.Build.0 = Debug|Any CPU
		{8AD52143-8DF7-4DE8-9ADE-8B82AAFF1824}.Release|Any CPU.ActiveCfg = Release|Any CPU
		{8AD52143-8DF7-4DE8-9ADE-8B82AAFF1824}.Release|Any CPU.Build.0 = Release|Any CPU
		{5C0E34BF-6FE1-45BF-AD5B-E5A99AB1C152}.Debug|Any CPU.ActiveCfg = Debug|Any CPU
		{5C0E34BF-6FE1-45BF-AD5B-E5A99AB1C152}.Debug|Any CPU.Build.0 = Debug|Any CPU
		{5C0E34BF-6FE1-45BF-AD5B-E5A99AB1C152}.Release|Any CPU.ActiveCfg = Release|Any CPU
		{5C0E34BF-6FE1-45BF-AD5B-E5A99AB1C152}.Release|Any CPU.Build.0 = Release|Any CPU
		{9C8AECC2-9B8F-4816-BD79-67CF9312DEC5}.Debug|Any CPU.ActiveCfg = Debug|Any CPU
		{9C8AECC2-9B8F-4816-BD79-67CF9312DEC5}.Debug|Any CPU.Build.0 = Debug|Any CPU
		{9C8AECC2-9B8F-4816-BD79-67CF9312DEC5}.Release|Any CPU.ActiveCfg = Release|Any CPU
		{9C8AECC2-9B8F-4816-BD79-67CF9312DEC5}.Release|Any CPU.Build.0 = Release|Any CPU
		{DD69BB67-C875-4E80-9FE5-DAF7514FBD5E}.Debug|Any CPU.ActiveCfg = Debug|Any CPU
		{DD69BB67-C875-4E80-9FE5-DAF7514FBD5E}.Debug|Any CPU.Build.0 = Debug|Any CPU
		{DD69BB67-C875-4E80-9FE5-DAF7514FBD5E}.Release|Any CPU.ActiveCfg = Release|Any CPU
		{DD69BB67-C875-4E80-9FE5-DAF7514FBD5E}.Release|Any CPU.Build.0 = Release|Any CPU
		{B099FD39-C9D2-467B-A4A6-15F48F873022}.Debug|Any CPU.ActiveCfg = Debug|Any CPU
		{B099FD39-C9D2-467B-A4A6-15F48F873022}.Debug|Any CPU.Build.0 = Debug|Any CPU
		{B099FD39-C9D2-467B-A4A6-15F48F873022}.Release|Any CPU.ActiveCfg = Release|Any CPU
		{B099FD39-C9D2-467B-A4A6-15F48F873022}.Release|Any CPU.Build.0 = Release|Any CPU
		{D87E978D-98CA-4FDB-9342-1BFC11476667}.Debug|Any CPU.ActiveCfg = Debug|Any CPU
		{D87E978D-98CA-4FDB-9342-1BFC11476667}.Debug|Any CPU.Build.0 = Debug|Any CPU
		{D87E978D-98CA-4FDB-9342-1BFC11476667}.Release|Any CPU.ActiveCfg = Release|Any CPU
		{D87E978D-98CA-4FDB-9342-1BFC11476667}.Release|Any CPU.Build.0 = Release|Any CPU
	EndGlobalSection
	GlobalSection(SolutionProperties) = preSolution
		HideSolutionNode = FALSE
	EndGlobalSection
	GlobalSection(ExtensibilityGlobals) = postSolution
		SolutionGuid = {A9096196-5C65-454C-A1C0-E88CBD6B0219}
	EndGlobalSection
EndGlobal
