Microsoft Visual Studio Solution File, Format Version 11.00
# Visual Studio 2010
Project("{FAE04EC0-301F-11D3-BF4B-00C04F79EFBC}") = "clientlib_1.1", "clientlib\clientlib_1.1.csproj", "{96A8F46B-B4E1-48D6-890C-DA5EDD257C92}"
EndProject
Project("{FAE04EC0-301F-11D3-BF4B-00C04F79EFBC}") = "MemCachedBench_1.1", "MemCachedBench\MemCachedBench_1.1.csproj", "{10A1F166-E9F0-413E-83DD-53419A45BAC3}"
EndProject
Project("{FAE04EC0-301F-11D3-BF4B-00C04F79EFBC}") = "MemCachedTest_1.1", "MemCachedTest\MemCachedTest_1.1.csproj", "{FBBCF42E-5CE3-4A8E-9A63-4D8A0EB7EB52}"
EndProject
Project("{FAE04EC0-301F-11D3-BF4B-00C04F79EFBC}") = "UnitTests_1.1", "UnitTests\UnitTests_1.1.csproj", "{845413FC-A256-44B1-A82A-2CA0AA12725C}"
EndProject
Global
	GlobalSection(SolutionConfigurationPlatforms) = preSolution
		Debug|Any CPU = Debug|Any CPU
		Release|Any CPU = Release|Any CPU
	EndGlobalSection
	GlobalSection(ProjectConfigurationPlatforms) = postSolution
		{96A8F46B-B4E1-48D6-890C-DA5EDD257C92}.Debug|Any CPU.ActiveCfg = Debug|Any CPU
		{96A8F46B-B4E1-48D6-890C-DA5EDD257C92}.Debug|Any CPU.Build.0 = Debug|Any CPU
		{96A8F46B-B4E1-48D6-890C-DA5EDD257C92}.Release|Any CPU.ActiveCfg = Release|Any CPU
		{96A8F46B-B4E1-48D6-890C-DA5EDD257C92}.Release|Any CPU.Build.0 = Release|Any CPU
		{10A1F166-E9F0-413E-83DD-53419A45BAC3}.Debug|Any CPU.ActiveCfg = Debug|Any CPU
		{10A1F166-E9F0-413E-83DD-53419A45BAC3}.Debug|Any CPU.Build.0 = Debug|Any CPU
		{10A1F166-E9F0-413E-83DD-53419A45BAC3}.Release|Any CPU.ActiveCfg = Release|Any CPU
		{10A1F166-E9F0-413E-83DD-53419A45BAC3}.Release|Any CPU.Build.0 = Release|Any CPU
		{FBBCF42E-5CE3-4A8E-9A63-4D8A0EB7EB52}.Debug|Any CPU.ActiveCfg = Debug|Any CPU
		{FBBCF42E-5CE3-4A8E-9A63-4D8A0EB7EB52}.Debug|Any CPU.Build.0 = Debug|Any CPU
		{FBBCF42E-5CE3-4A8E-9A63-4D8A0EB7EB52}.Release|Any CPU.ActiveCfg = Release|Any CPU
		{FBBCF42E-5CE3-4A8E-9A63-4D8A0EB7EB52}.Release|Any CPU.Build.0 = Release|Any CPU
		{845413FC-A256-44B1-A82A-2CA0AA12725C}.Debug|Any CPU.ActiveCfg = Debug|Any CPU
		{845413FC-A256-44B1-A82A-2CA0AA12725C}.Debug|Any CPU.Build.0 = Debug|Any CPU
		{845413FC-A256-44B1-A82A-2CA0AA12725C}.Release|Any CPU.ActiveCfg = Release|Any CPU
		{845413FC-A256-44B1-A82A-2CA0AA12725C}.Release|Any CPU.Build.0 = Release|Any CPU
	EndGlobalSection
	GlobalSection(SolutionProperties) = preSolution
		HideSolutionNode = FALSE
	EndGlobalSection
EndGlobal
