
Microsoft Visual Studio Solution File, Format Version 12.00
# Visual Studio 2012
Project("{FAE04EC0-301F-11D3-BF4B-00C04F79EFBC}") = "WindowsFormsApplication1", "WindowsFormsApplication1\WindowsFormsApplication1.csproj", "{71BAD7F4-877E-48A6-BCD4-BE54C8019A0B}"
EndProject
Project("{FAE04EC0-301F-11D3-BF4B-00C04F79EFBC}") = "ThreadPoolDemo", "ThreadPoolDemo\ThreadPoolDemo.csproj", "{F2FD6304-A43E-44F7-9024-1C42AF5FBE21}"
EndProject
Project("{FAE04EC0-301F-11D3-BF4B-00C04F79EFBC}") = "MyWebServer", "MyWebServer\MyWebServer.csproj", "{69E2D964-0210-4AC2-9FA9-C9BAB839EEA1}"
EndProject
Global
	GlobalSection(SolutionConfigurationPlatforms) = preSolution
		Debug|Any CPU = Debug|Any CPU
		Release|Any CPU = Release|Any CPU
	EndGlobalSection
	GlobalSection(ProjectConfigurationPlatforms) = postSolution
		{71BAD7F4-877E-48A6-BCD4-BE54C8019A0B}.Debug|Any CPU.ActiveCfg = Debug|Any CPU
		{71BAD7F4-877E-48A6-BCD4-BE54C8019A0B}.Debug|Any CPU.Build.0 = Debug|Any CPU
		{71BAD7F4-877E-48A6-BCD4-BE54C8019A0B}.Release|Any CPU.ActiveCfg = Release|Any CPU
		{71BAD7F4-877E-48A6-BCD4-BE54C8019A0B}.Release|Any CPU.Build.0 = Release|Any CPU
		{F2FD6304-A43E-44F7-9024-1C42AF5FBE21}.Debug|Any CPU.ActiveCfg = Debug|Any CPU
		{F2FD6304-A43E-44F7-9024-1C42AF5FBE21}.Debug|Any CPU.Build.0 = Debug|Any CPU
		{F2FD6304-A43E-44F7-9024-1C42AF5FBE21}.Release|Any CPU.ActiveCfg = Release|Any CPU
		{F2FD6304-A43E-44F7-9024-1C42AF5FBE21}.Release|Any CPU.Build.0 = Release|Any CPU
		{69E2D964-0210-4AC2-9FA9-C9BAB839EEA1}.Debug|Any CPU.ActiveCfg = Debug|Any CPU
		{69E2D964-0210-4AC2-9FA9-C9BAB839EEA1}.Debug|Any CPU.Build.0 = Debug|Any CPU
		{69E2D964-0210-4AC2-9FA9-C9BAB839EEA1}.Release|Any CPU.ActiveCfg = Release|Any CPU
		{69E2D964-0210-4AC2-9FA9-C9BAB839EEA1}.Release|Any CPU.Build.0 = Release|Any CPU
	EndGlobalSection
	GlobalSection(SolutionProperties) = preSolution
		HideSolutionNode = FALSE
	EndGlobalSection
EndGlobal
