
Microsoft Visual Studio Solution File, Format Version 12.00
# Visual Studio 2013
VisualStudioVersion = 12.0.21005.1
MinimumVisualStudioVersion = 10.0.40219.1
Project("{FAE04EC0-301F-11D3-BF4B-00C04F79EFBC}") = "01注释符的使用", "01注释符的使用\01注释符的使用.csproj", "{075C3AB2-156F-48AF-8B7F-0E6BB0B9F56F}"
EndProject
Project("{FAE04EC0-301F-11D3-BF4B-00C04F79EFBC}") = "02ＶS当中的常用快捷键", "02ＶS当中的常用快捷键\02ＶS当中的常用快捷键.csproj", "{A6D61525-F64C-4A0B-BDE6-453F40883902}"
EndProject
Project("{FAE04EC0-301F-11D3-BF4B-00C04F79EFBC}") = "03、变量", "03、变量\03、变量.csproj", "{B8389A67-F166-47C1-8657-F784F90DB5D5}"
EndProject
Project("{FAE04EC0-301F-11D3-BF4B-00C04F79EFBC}") = "04变量的使用规则", "04变量的使用规则\04变量的使用规则.csproj", "{51D889B5-30DE-49F3-BF07-E2F193625F04}"
EndProject
Project("{FAE04EC0-301F-11D3-BF4B-00C04F79EFBC}") = "05变量的命名规范", "05变量的命名规范\05变量的命名规范.csproj", "{262568A4-66D7-43D2-A3BE-4E34002D50C9}"
EndProject
Project("{FAE04EC0-301F-11D3-BF4B-00C04F79EFBC}") = "06赋值运算符", "06赋值运算符\06赋值运算符.csproj", "{D181E0F6-EC13-43CA-9F6D-A2A79341ED0F}"
EndProject
Project("{FAE04EC0-301F-11D3-BF4B-00C04F79EFBC}") = "07+号的使用", "07+号的使用\07+号的使用.csproj", "{2DCA30C1-0DED-438C-B4E9-A119F164BF5E}"
EndProject
Project("{FAE04EC0-301F-11D3-BF4B-00C04F79EFBC}") = "08两个练习", "08两个练习\08两个练习.csproj", "{F99F5921-D51F-49D2-A2A3-DAC388D3765A}"
EndProject
Project("{FAE04EC0-301F-11D3-BF4B-00C04F79EFBC}") = "09下午复习", "09下午复习\09下午复习.csproj", "{79033B45-E18B-4CDE-A419-9988C0C8C740}"
EndProject
Project("{FAE04EC0-301F-11D3-BF4B-00C04F79EFBC}") = "10占位符", "10占位符\10占位符.csproj", "{3E6FA509-BD12-4583-922F-2A15C3978EDD}"
EndProject
Project("{FAE04EC0-301F-11D3-BF4B-00C04F79EFBC}") = "11交换变量", "11交换变量\11交换变量.csproj", "{C670FE25-4F7B-482E-A1EC-8010330FA2CE}"
EndProject
Project("{FAE04EC0-301F-11D3-BF4B-00C04F79EFBC}") = "12接收用户的输入", "12接收用户的输入\12接收用户的输入.csproj", "{91E1641D-7E8F-40D8-9CCF-B92E40C34C75}"
EndProject
Project("{FAE04EC0-301F-11D3-BF4B-00C04F79EFBC}") = "13、转移符", "13、转移符\13、转移符.csproj", "{F2B91AE1-D65D-4D3B-9E82-EBCF4B836668}"
EndProject
Project("{FAE04EC0-301F-11D3-BF4B-00C04F79EFBC}") = "14、算数运算符", "14、算数运算符\14、算数运算符.csproj", "{B1C8F0C6-5B6C-468F-B0BA-1C981F1BF13C}"
EndProject
Project("{FAE04EC0-301F-11D3-BF4B-00C04F79EFBC}") = "15、类型转换", "15、类型转换\15、类型转换.csproj", "{0B75D046-DD80-4D89-9B31-FB99D6A9A31C}"
EndProject
Global
	GlobalSection(SolutionConfigurationPlatforms) = preSolution
		Debug|Any CPU = Debug|Any CPU
		Release|Any CPU = Release|Any CPU
	EndGlobalSection
	GlobalSection(ProjectConfigurationPlatforms) = postSolution
		{075C3AB2-156F-48AF-8B7F-0E6BB0B9F56F}.Debug|Any CPU.ActiveCfg = Debug|Any CPU
		{075C3AB2-156F-48AF-8B7F-0E6BB0B9F56F}.Debug|Any CPU.Build.0 = Debug|Any CPU
		{075C3AB2-156F-48AF-8B7F-0E6BB0B9F56F}.Release|Any CPU.ActiveCfg = Release|Any CPU
		{075C3AB2-156F-48AF-8B7F-0E6BB0B9F56F}.Release|Any CPU.Build.0 = Release|Any CPU
		{A6D61525-F64C-4A0B-BDE6-453F40883902}.Debug|Any CPU.ActiveCfg = Debug|Any CPU
		{A6D61525-F64C-4A0B-BDE6-453F40883902}.Debug|Any CPU.Build.0 = Debug|Any CPU
		{A6D61525-F64C-4A0B-BDE6-453F40883902}.Release|Any CPU.ActiveCfg = Release|Any CPU
		{A6D61525-F64C-4A0B-BDE6-453F40883902}.Release|Any CPU.Build.0 = Release|Any CPU
		{B8389A67-F166-47C1-8657-F784F90DB5D5}.Debug|Any CPU.ActiveCfg = Debug|Any CPU
		{B8389A67-F166-47C1-8657-F784F90DB5D5}.Debug|Any CPU.Build.0 = Debug|Any CPU
		{B8389A67-F166-47C1-8657-F784F90DB5D5}.Release|Any CPU.ActiveCfg = Release|Any CPU
		{B8389A67-F166-47C1-8657-F784F90DB5D5}.Release|Any CPU.Build.0 = Release|Any CPU
		{51D889B5-30DE-49F3-BF07-E2F193625F04}.Debug|Any CPU.ActiveCfg = Debug|Any CPU
		{51D889B5-30DE-49F3-BF07-E2F193625F04}.Debug|Any CPU.Build.0 = Debug|Any CPU
		{51D889B5-30DE-49F3-BF07-E2F193625F04}.Release|Any CPU.ActiveCfg = Release|Any CPU
		{51D889B5-30DE-49F3-BF07-E2F193625F04}.Release|Any CPU.Build.0 = Release|Any CPU
		{262568A4-66D7-43D2-A3BE-4E34002D50C9}.Debug|Any CPU.ActiveCfg = Debug|Any CPU
		{262568A4-66D7-43D2-A3BE-4E34002D50C9}.Debug|Any CPU.Build.0 = Debug|Any CPU
		{262568A4-66D7-43D2-A3BE-4E34002D50C9}.Release|Any CPU.ActiveCfg = Release|Any CPU
		{262568A4-66D7-43D2-A3BE-4E34002D50C9}.Release|Any CPU.Build.0 = Release|Any CPU
		{D181E0F6-EC13-43CA-9F6D-A2A79341ED0F}.Debug|Any CPU.ActiveCfg = Debug|Any CPU
		{D181E0F6-EC13-43CA-9F6D-A2A79341ED0F}.Debug|Any CPU.Build.0 = Debug|Any CPU
		{D181E0F6-EC13-43CA-9F6D-A2A79341ED0F}.Release|Any CPU.ActiveCfg = Release|Any CPU
		{D181E0F6-EC13-43CA-9F6D-A2A79341ED0F}.Release|Any CPU.Build.0 = Release|Any CPU
		{2DCA30C1-0DED-438C-B4E9-A119F164BF5E}.Debug|Any CPU.ActiveCfg = Debug|Any CPU
		{2DCA30C1-0DED-438C-B4E9-A119F164BF5E}.Debug|Any CPU.Build.0 = Debug|Any CPU
		{2DCA30C1-0DED-438C-B4E9-A119F164BF5E}.Release|Any CPU.ActiveCfg = Release|Any CPU
		{2DCA30C1-0DED-438C-B4E9-A119F164BF5E}.Release|Any CPU.Build.0 = Release|Any CPU
		{F99F5921-D51F-49D2-A2A3-DAC388D3765A}.Debug|Any CPU.ActiveCfg = Debug|Any CPU
		{F99F5921-D51F-49D2-A2A3-DAC388D3765A}.Debug|Any CPU.Build.0 = Debug|Any CPU
		{F99F5921-D51F-49D2-A2A3-DAC388D3765A}.Release|Any CPU.ActiveCfg = Release|Any CPU
		{F99F5921-D51F-49D2-A2A3-DAC388D3765A}.Release|Any CPU.Build.0 = Release|Any CPU
		{79033B45-E18B-4CDE-A419-9988C0C8C740}.Debug|Any CPU.ActiveCfg = Debug|Any CPU
		{79033B45-E18B-4CDE-A419-9988C0C8C740}.Debug|Any CPU.Build.0 = Debug|Any CPU
		{79033B45-E18B-4CDE-A419-9988C0C8C740}.Release|Any CPU.ActiveCfg = Release|Any CPU
		{79033B45-E18B-4CDE-A419-9988C0C8C740}.Release|Any CPU.Build.0 = Release|Any CPU
		{3E6FA509-BD12-4583-922F-2A15C3978EDD}.Debug|Any CPU.ActiveCfg = Debug|Any CPU
		{3E6FA509-BD12-4583-922F-2A15C3978EDD}.Debug|Any CPU.Build.0 = Debug|Any CPU
		{3E6FA509-BD12-4583-922F-2A15C3978EDD}.Release|Any CPU.ActiveCfg = Release|Any CPU
		{3E6FA509-BD12-4583-922F-2A15C3978EDD}.Release|Any CPU.Build.0 = Release|Any CPU
		{C670FE25-4F7B-482E-A1EC-8010330FA2CE}.Debug|Any CPU.ActiveCfg = Debug|Any CPU
		{C670FE25-4F7B-482E-A1EC-8010330FA2CE}.Debug|Any CPU.Build.0 = Debug|Any CPU
		{C670FE25-4F7B-482E-A1EC-8010330FA2CE}.Release|Any CPU.ActiveCfg = Release|Any CPU
		{C670FE25-4F7B-482E-A1EC-8010330FA2CE}.Release|Any CPU.Build.0 = Release|Any CPU
		{91E1641D-7E8F-40D8-9CCF-B92E40C34C75}.Debug|Any CPU.ActiveCfg = Debug|Any CPU
		{91E1641D-7E8F-40D8-9CCF-B92E40C34C75}.Debug|Any CPU.Build.0 = Debug|Any CPU
		{91E1641D-7E8F-40D8-9CCF-B92E40C34C75}.Release|Any CPU.ActiveCfg = Release|Any CPU
		{91E1641D-7E8F-40D8-9CCF-B92E40C34C75}.Release|Any CPU.Build.0 = Release|Any CPU
		{F2B91AE1-D65D-4D3B-9E82-EBCF4B836668}.Debug|Any CPU.ActiveCfg = Debug|Any CPU
		{F2B91AE1-D65D-4D3B-9E82-EBCF4B836668}.Debug|Any CPU.Build.0 = Debug|Any CPU
		{F2B91AE1-D65D-4D3B-9E82-EBCF4B836668}.Release|Any CPU.ActiveCfg = Release|Any CPU
		{F2B91AE1-D65D-4D3B-9E82-EBCF4B836668}.Release|Any CPU.Build.0 = Release|Any CPU
		{B1C8F0C6-5B6C-468F-B0BA-1C981F1BF13C}.Debug|Any CPU.ActiveCfg = Debug|Any CPU
		{B1C8F0C6-5B6C-468F-B0BA-1C981F1BF13C}.Debug|Any CPU.Build.0 = Debug|Any CPU
		{B1C8F0C6-5B6C-468F-B0BA-1C981F1BF13C}.Release|Any CPU.ActiveCfg = Release|Any CPU
		{B1C8F0C6-5B6C-468F-B0BA-1C981F1BF13C}.Release|Any CPU.Build.0 = Release|Any CPU
		{0B75D046-DD80-4D89-9B31-FB99D6A9A31C}.Debug|Any CPU.ActiveCfg = Debug|Any CPU
		{0B75D046-DD80-4D89-9B31-FB99D6A9A31C}.Debug|Any CPU.Build.0 = Debug|Any CPU
		{0B75D046-DD80-4D89-9B31-FB99D6A9A31C}.Release|Any CPU.ActiveCfg = Release|Any CPU
		{0B75D046-DD80-4D89-9B31-FB99D6A9A31C}.Release|Any CPU.Build.0 = Release|Any CPU
	EndGlobalSection
	GlobalSection(SolutionProperties) = preSolution
		HideSolutionNode = FALSE
	EndGlobalSection
EndGlobal
