
Microsoft Visual Studio Solution File, Format Version 12.00
# Visual Studio 15
VisualStudioVersion = 15.0.28307.1169
MinimumVisualStudioVersion = 10.0.40219.1
Project("{FAE04EC0-301F-11D3-BF4B-00C04F79EFBC}") = "ChatClient", "ChatClient\ChatClient.csproj", "{CE28CDAF-500E-4CC2-8A5F-8238C110DF40}"
EndProject
Project("{FAE04EC0-301F-11D3-BF4B-00C04F79EFBC}") = "ChatServer", "ChatServer\ChatServer.csproj", "{C8E0E586-C0C0-4767-AB23-5ED9C90D7E43}"
EndProject
Project("{FAE04EC0-301F-11D3-BF4B-00C04F79EFBC}") = "Test01", "Test01\Test01.csproj", "{C7E01E63-DF22-498C-834D-D1F2B33252DC}"
EndProject
Global
	GlobalSection(SolutionConfigurationPlatforms) = preSolution
		Debug|Any CPU = Debug|Any CPU
		Release|Any CPU = Release|Any CPU
	EndGlobalSection
	GlobalSection(ProjectConfigurationPlatforms) = postSolution
		{CE28CDAF-500E-4CC2-8A5F-8238C110DF40}.Debug|Any CPU.ActiveCfg = Debug|Any CPU
		{CE28CDAF-500E-4CC2-8A5F-8238C110DF40}.Debug|Any CPU.Build.0 = Debug|Any CPU
		{CE28CDAF-500E-4CC2-8A5F-8238C110DF40}.Release|Any CPU.ActiveCfg = Release|Any CPU
		{CE28CDAF-500E-4CC2-8A5F-8238C110DF40}.Release|Any CPU.Build.0 = Release|Any CPU
		{C8E0E586-C0C0-4767-AB23-5ED9C90D7E43}.Debug|Any CPU.ActiveCfg = Debug|Any CPU
		{C8E0E586-C0C0-4767-AB23-5ED9C90D7E43}.Debug|Any CPU.Build.0 = Debug|Any CPU
		{C8E0E586-C0C0-4767-AB23-5ED9C90D7E43}.Release|Any CPU.ActiveCfg = Release|Any CPU
		{C8E0E586-C0C0-4767-AB23-5ED9C90D7E43}.Release|Any CPU.Build.0 = Release|Any CPU
		{C7E01E63-DF22-498C-834D-D1F2B33252DC}.Debug|Any CPU.ActiveCfg = Debug|Any CPU
		{C7E01E63-DF22-498C-834D-D1F2B33252DC}.Debug|Any CPU.Build.0 = Debug|Any CPU
		{C7E01E63-DF22-498C-834D-D1F2B33252DC}.Release|Any CPU.ActiveCfg = Release|Any CPU
		{C7E01E63-DF22-498C-834D-D1F2B33252DC}.Release|Any CPU.Build.0 = Release|Any CPU
	EndGlobalSection
	GlobalSection(SolutionProperties) = preSolution
		HideSolutionNode = FALSE
	EndGlobalSection
	GlobalSection(ExtensibilityGlobals) = postSolution
		SolutionGuid = {FC1944E5-0604-429D-A60D-7E1850DAEFAC}
	EndGlobalSection
EndGlobal
