
Microsoft Visual Studio Solution File, Format Version 12.00
# Visual Studio 2012
Project("{FAE04EC0-301F-11D3-BF4B-00C04F79EFBC}") = "t5", "t5\t5.csproj", "{D0DFCC6F-E108-472E-B985-5DDB43CD1A14}"
EndProject
Global
	GlobalSection(SolutionConfigurationPlatforms) = preSolution
		Debug|Any CPU = Debug|Any CPU
		Release|Any CPU = Release|Any CPU
	EndGlobalSection
	GlobalSection(ProjectConfigurationPlatforms) = postSolution
		{D0DFCC6F-E108-472E-B985-5DDB43CD1A14}.Debug|Any CPU.ActiveCfg = Debug|Any CPU
		{D0DFCC6F-E108-472E-B985-5DDB43CD1A14}.Debug|Any CPU.Build.0 = Debug|Any CPU
		{D0DFCC6F-E108-472E-B985-5DDB43CD1A14}.Release|Any CPU.ActiveCfg = Release|Any CPU
		{D0DFCC6F-E108-472E-B985-5DDB43CD1A14}.Release|Any CPU.Build.0 = Release|Any CPU
	EndGlobalSection
	GlobalSection(SolutionProperties) = preSolution
		HideSolutionNode = FALSE
	EndGlobalSection
EndGlobal
