
Microsoft Visual Studio Solution File, Format Version 12.00
# Visual Studio 15
VisualStudioVersion = 15.0.28307.1169
MinimumVisualStudioVersion = 10.0.40219.1
Project("{FAE04EC0-301F-11D3-BF4B-00C04F79EFBC}") = "01、Directory类", "01、Directory类\01、Directory类.csproj", "{799BFC9E-2753-46FD-8477-42D74B822A9F}"
EndProject
Project("{FAE04EC0-301F-11D3-BF4B-00C04F79EFBC}") = "02、Directory", "02、Directory\02、Directory.csproj", "{9C54A2A3-C8AA-4062-AD1D-21673DB35B83}"
EndProject
Project("{FAE04EC0-301F-11D3-BF4B-00C04F79EFBC}") = "03、浏览器控件", "03、浏览器控件\03、浏览器控件.csproj", "{5A3D1DA2-6B9D-43CD-A10A-319338CD8B4F}"
EndProject
Project("{FAE04EC0-301F-11D3-BF4B-00C04F79EFBC}") = "04ComboBox", "04ComboBox\04ComboBox.csproj", "{8EA73E66-681F-4F11-9BDD-0FF7421D68BA}"
EndProject
Project("{FAE04EC0-301F-11D3-BF4B-00C04F79EFBC}") = "05日期选择器", "05日期选择器\05日期选择器.csproj", "{178CC49D-3596-4A63-814B-E792E36F637B}"
EndProject
Project("{FAE04EC0-301F-11D3-BF4B-00C04F79EFBC}") = "06ListBox控件", "06ListBox控件\06ListBox控件.csproj", "{C9DE08BC-CCE6-41D5-A10D-2BE9A7C54A30}"
EndProject
Project("{FAE04EC0-301F-11D3-BF4B-00C04F79EFBC}") = "07实现点击更换照片", "07实现点击更换照片\07实现点击更换照片.csproj", "{A1E2E85E-F591-4BF2-A625-7DA4AB4AD4AF}"
EndProject
Project("{FAE04EC0-301F-11D3-BF4B-00C04F79EFBC}") = "08双击播放音乐", "08双击播放音乐\08双击播放音乐.csproj", "{715EE5BE-64EC-4C0E-BFCA-C4544CEC4553}"
EndProject
Project("{FAE04EC0-301F-11D3-BF4B-00C04F79EFBC}") = "09石头剪刀布", "09石头剪刀布\09石头剪刀布.csproj", "{4AC580A2-0E79-4D2B-B682-26326978F6C9}"
EndProject
Project("{FAE04EC0-301F-11D3-BF4B-00C04F79EFBC}") = "10打开对话框", "10打开对话框\10打开对话框.csproj", "{301399C1-87F9-4663-8FD6-8E322EEC57E7}"
EndProject
Project("{FAE04EC0-301F-11D3-BF4B-00C04F79EFBC}") = "11、保存文件对话框", "11、保存文件对话框\11、保存文件对话框.csproj", "{7B3E8D78-843C-4AF9-971A-A7415B48F1E5}"
EndProject
Project("{FAE04EC0-301F-11D3-BF4B-00C04F79EFBC}") = "12、字体和颜色对话框", "12、字体和颜色对话框\12、字体和颜色对话框.csproj", "{59139BB5-BDF2-4AF1-9DF1-32A3289C33F6}"
EndProject
Project("{FAE04EC0-301F-11D3-BF4B-00C04F79EFBC}") = "13、Panel", "13、Panel\13、Panel.csproj", "{F93CF8A8-EC40-4362-A9C5-50E84FEE760C}"
EndProject
Project("{FAE04EC0-301F-11D3-BF4B-00C04F79EFBC}") = "14、记事儿本应用程序", "14、记事儿本应用程序\14、记事儿本应用程序.csproj", "{DE0B35A2-539D-47FC-BF74-F105FB062DC6}"
EndProject
Project("{FAE04EC0-301F-11D3-BF4B-00C04F79EFBC}") = "15进程", "15进程\15进程.csproj", "{98399497-E3DC-41B4-8689-82C4D67022BC}"
EndProject
Project("{FAE04EC0-301F-11D3-BF4B-00C04F79EFBC}") = "16、线程", "16、线程\16、线程.csproj", "{291EE4C8-E5AF-4ED0-B13A-A1EA5230350E}"
EndProject
Project("{FAE04EC0-301F-11D3-BF4B-00C04F79EFBC}") = "17、线程", "17、线程\17、线程.csproj", "{003647A4-9CF6-4085-87C3-BD462C55CC50}"
EndProject
Project("{FAE04EC0-301F-11D3-BF4B-00C04F79EFBC}") = "08双击播放音乐02", "08双击播放音乐02\08双击播放音乐02.csproj", "{84BF9EDB-4DE1-4D53-8F69-59BE27447965}"
EndProject
Project("{FAE04EC0-301F-11D3-BF4B-00C04F79EFBC}") = "15进程02", "15进程02\15进程02.csproj", "{C69A5373-24CD-4771-9F0A-1C6F06370E58}"
EndProject
Global
	GlobalSection(SolutionConfigurationPlatforms) = preSolution
		Debug|Any CPU = Debug|Any CPU
		Release|Any CPU = Release|Any CPU
	EndGlobalSection
	GlobalSection(ProjectConfigurationPlatforms) = postSolution
		{799BFC9E-2753-46FD-8477-42D74B822A9F}.Debug|Any CPU.ActiveCfg = Debug|Any CPU
		{799BFC9E-2753-46FD-8477-42D74B822A9F}.Debug|Any CPU.Build.0 = Debug|Any CPU
		{799BFC9E-2753-46FD-8477-42D74B822A9F}.Release|Any CPU.ActiveCfg = Release|Any CPU
		{799BFC9E-2753-46FD-8477-42D74B822A9F}.Release|Any CPU.Build.0 = Release|Any CPU
		{9C54A2A3-C8AA-4062-AD1D-21673DB35B83}.Debug|Any CPU.ActiveCfg = Debug|Any CPU
		{9C54A2A3-C8AA-4062-AD1D-21673DB35B83}.Debug|Any CPU.Build.0 = Debug|Any CPU
		{9C54A2A3-C8AA-4062-AD1D-21673DB35B83}.Release|Any CPU.ActiveCfg = Release|Any CPU
		{9C54A2A3-C8AA-4062-AD1D-21673DB35B83}.Release|Any CPU.Build.0 = Release|Any CPU
		{5A3D1DA2-6B9D-43CD-A10A-319338CD8B4F}.Debug|Any CPU.ActiveCfg = Debug|Any CPU
		{5A3D1DA2-6B9D-43CD-A10A-319338CD8B4F}.Debug|Any CPU.Build.0 = Debug|Any CPU
		{5A3D1DA2-6B9D-43CD-A10A-319338CD8B4F}.Release|Any CPU.ActiveCfg = Release|Any CPU
		{5A3D1DA2-6B9D-43CD-A10A-319338CD8B4F}.Release|Any CPU.Build.0 = Release|Any CPU
		{8EA73E66-681F-4F11-9BDD-0FF7421D68BA}.Debug|Any CPU.ActiveCfg = Debug|Any CPU
		{8EA73E66-681F-4F11-9BDD-0FF7421D68BA}.Debug|Any CPU.Build.0 = Debug|Any CPU
		{8EA73E66-681F-4F11-9BDD-0FF7421D68BA}.Release|Any CPU.ActiveCfg = Release|Any CPU
		{8EA73E66-681F-4F11-9BDD-0FF7421D68BA}.Release|Any CPU.Build.0 = Release|Any CPU
		{178CC49D-3596-4A63-814B-E792E36F637B}.Debug|Any CPU.ActiveCfg = Debug|Any CPU
		{178CC49D-3596-4A63-814B-E792E36F637B}.Debug|Any CPU.Build.0 = Debug|Any CPU
		{178CC49D-3596-4A63-814B-E792E36F637B}.Release|Any CPU.ActiveCfg = Release|Any CPU
		{178CC49D-3596-4A63-814B-E792E36F637B}.Release|Any CPU.Build.0 = Release|Any CPU
		{C9DE08BC-CCE6-41D5-A10D-2BE9A7C54A30}.Debug|Any CPU.ActiveCfg = Debug|Any CPU
		{C9DE08BC-CCE6-41D5-A10D-2BE9A7C54A30}.Debug|Any CPU.Build.0 = Debug|Any CPU
		{C9DE08BC-CCE6-41D5-A10D-2BE9A7C54A30}.Release|Any CPU.ActiveCfg = Release|Any CPU
		{C9DE08BC-CCE6-41D5-A10D-2BE9A7C54A30}.Release|Any CPU.Build.0 = Release|Any CPU
		{A1E2E85E-F591-4BF2-A625-7DA4AB4AD4AF}.Debug|Any CPU.ActiveCfg = Debug|Any CPU
		{A1E2E85E-F591-4BF2-A625-7DA4AB4AD4AF}.Debug|Any CPU.Build.0 = Debug|Any CPU
		{A1E2E85E-F591-4BF2-A625-7DA4AB4AD4AF}.Release|Any CPU.ActiveCfg = Release|Any CPU
		{A1E2E85E-F591-4BF2-A625-7DA4AB4AD4AF}.Release|Any CPU.Build.0 = Release|Any CPU
		{715EE5BE-64EC-4C0E-BFCA-C4544CEC4553}.Debug|Any CPU.ActiveCfg = Debug|Any CPU
		{715EE5BE-64EC-4C0E-BFCA-C4544CEC4553}.Debug|Any CPU.Build.0 = Debug|Any CPU
		{715EE5BE-64EC-4C0E-BFCA-C4544CEC4553}.Release|Any CPU.ActiveCfg = Release|Any CPU
		{715EE5BE-64EC-4C0E-BFCA-C4544CEC4553}.Release|Any CPU.Build.0 = Release|Any CPU
		{4AC580A2-0E79-4D2B-B682-26326978F6C9}.Debug|Any CPU.ActiveCfg = Debug|Any CPU
		{4AC580A2-0E79-4D2B-B682-26326978F6C9}.Debug|Any CPU.Build.0 = Debug|Any CPU
		{4AC580A2-0E79-4D2B-B682-26326978F6C9}.Release|Any CPU.ActiveCfg = Release|Any CPU
		{4AC580A2-0E79-4D2B-B682-26326978F6C9}.Release|Any CPU.Build.0 = Release|Any CPU
		{301399C1-87F9-4663-8FD6-8E322EEC57E7}.Debug|Any CPU.ActiveCfg = Debug|Any CPU
		{301399C1-87F9-4663-8FD6-8E322EEC57E7}.Debug|Any CPU.Build.0 = Debug|Any CPU
		{301399C1-87F9-4663-8FD6-8E322EEC57E7}.Release|Any CPU.ActiveCfg = Release|Any CPU
		{301399C1-87F9-4663-8FD6-8E322EEC57E7}.Release|Any CPU.Build.0 = Release|Any CPU
		{7B3E8D78-843C-4AF9-971A-A7415B48F1E5}.Debug|Any CPU.ActiveCfg = Debug|Any CPU
		{7B3E8D78-843C-4AF9-971A-A7415B48F1E5}.Debug|Any CPU.Build.0 = Debug|Any CPU
		{7B3E8D78-843C-4AF9-971A-A7415B48F1E5}.Release|Any CPU.ActiveCfg = Release|Any CPU
		{7B3E8D78-843C-4AF9-971A-A7415B48F1E5}.Release|Any CPU.Build.0 = Release|Any CPU
		{59139BB5-BDF2-4AF1-9DF1-32A3289C33F6}.Debug|Any CPU.ActiveCfg = Debug|Any CPU
		{59139BB5-BDF2-4AF1-9DF1-32A3289C33F6}.Debug|Any CPU.Build.0 = Debug|Any CPU
		{59139BB5-BDF2-4AF1-9DF1-32A3289C33F6}.Release|Any CPU.ActiveCfg = Release|Any CPU
		{59139BB5-BDF2-4AF1-9DF1-32A3289C33F6}.Release|Any CPU.Build.0 = Release|Any CPU
		{F93CF8A8-EC40-4362-A9C5-50E84FEE760C}.Debug|Any CPU.ActiveCfg = Debug|Any CPU
		{F93CF8A8-EC40-4362-A9C5-50E84FEE760C}.Debug|Any CPU.Build.0 = Debug|Any CPU
		{F93CF8A8-EC40-4362-A9C5-50E84FEE760C}.Release|Any CPU.ActiveCfg = Release|Any CPU
		{F93CF8A8-EC40-4362-A9C5-50E84FEE760C}.Release|Any CPU.Build.0 = Release|Any CPU
		{DE0B35A2-539D-47FC-BF74-F105FB062DC6}.Debug|Any CPU.ActiveCfg = Debug|Any CPU
		{DE0B35A2-539D-47FC-BF74-F105FB062DC6}.Debug|Any CPU.Build.0 = Debug|Any CPU
		{DE0B35A2-539D-47FC-BF74-F105FB062DC6}.Release|Any CPU.ActiveCfg = Release|Any CPU
		{DE0B35A2-539D-47FC-BF74-F105FB062DC6}.Release|Any CPU.Build.0 = Release|Any CPU
		{98399497-E3DC-41B4-8689-82C4D67022BC}.Debug|Any CPU.ActiveCfg = Debug|Any CPU
		{98399497-E3DC-41B4-8689-82C4D67022BC}.Debug|Any CPU.Build.0 = Debug|Any CPU
		{98399497-E3DC-41B4-8689-82C4D67022BC}.Release|Any CPU.ActiveCfg = Release|Any CPU
		{98399497-E3DC-41B4-8689-82C4D67022BC}.Release|Any CPU.Build.0 = Release|Any CPU
		{291EE4C8-E5AF-4ED0-B13A-A1EA5230350E}.Debug|Any CPU.ActiveCfg = Debug|Any CPU
		{291EE4C8-E5AF-4ED0-B13A-A1EA5230350E}.Debug|Any CPU.Build.0 = Debug|Any CPU
		{291EE4C8-E5AF-4ED0-B13A-A1EA5230350E}.Release|Any CPU.ActiveCfg = Release|Any CPU
		{291EE4C8-E5AF-4ED0-B13A-A1EA5230350E}.Release|Any CPU.Build.0 = Release|Any CPU
		{003647A4-9CF6-4085-87C3-BD462C55CC50}.Debug|Any CPU.ActiveCfg = Debug|Any CPU
		{003647A4-9CF6-4085-87C3-BD462C55CC50}.Debug|Any CPU.Build.0 = Debug|Any CPU
		{003647A4-9CF6-4085-87C3-BD462C55CC50}.Release|Any CPU.ActiveCfg = Release|Any CPU
		{003647A4-9CF6-4085-87C3-BD462C55CC50}.Release|Any CPU.Build.0 = Release|Any CPU
		{84BF9EDB-4DE1-4D53-8F69-59BE27447965}.Debug|Any CPU.ActiveCfg = Debug|Any CPU
		{84BF9EDB-4DE1-4D53-8F69-59BE27447965}.Debug|Any CPU.Build.0 = Debug|Any CPU
		{84BF9EDB-4DE1-4D53-8F69-59BE27447965}.Release|Any CPU.ActiveCfg = Release|Any CPU
		{84BF9EDB-4DE1-4D53-8F69-59BE27447965}.Release|Any CPU.Build.0 = Release|Any CPU
		{C69A5373-24CD-4771-9F0A-1C6F06370E58}.Debug|Any CPU.ActiveCfg = Debug|Any CPU
		{C69A5373-24CD-4771-9F0A-1C6F06370E58}.Debug|Any CPU.Build.0 = Debug|Any CPU
		{C69A5373-24CD-4771-9F0A-1C6F06370E58}.Release|Any CPU.ActiveCfg = Release|Any CPU
		{C69A5373-24CD-4771-9F0A-1C6F06370E58}.Release|Any CPU.Build.0 = Release|Any CPU
	EndGlobalSection
	GlobalSection(SolutionProperties) = preSolution
		HideSolutionNode = FALSE
	EndGlobalSection
	GlobalSection(ExtensibilityGlobals) = postSolution
		SolutionGuid = {29F80BEB-976A-41E4-A814-B957E2B5928F}
	EndGlobalSection
EndGlobal
