
Microsoft Visual Studio Solution File, Format Version 12.00
# Visual Studio 2012
Project("{FAE04EC0-301F-11D3-BF4B-00C04F79EFBC}") = "t1", "t1\t1.csproj", "{1F6E0751-9C4E-4A32-8FA4-513EB3A79B71}"
EndProject
Global
	GlobalSection(SolutionConfigurationPlatforms) = preSolution
		Debug|Any CPU = Debug|Any CPU
		Release|Any CPU = Release|Any CPU
	EndGlobalSection
	GlobalSection(ProjectConfigurationPlatforms) = postSolution
		{1F6E0751-9C4E-4A32-8FA4-513EB3A79B71}.Debug|Any CPU.ActiveCfg = Debug|Any CPU
		{1F6E0751-9C4E-4A32-8FA4-513EB3A79B71}.Debug|Any CPU.Build.0 = Debug|Any CPU
		{1F6E0751-9C4E-4A32-8FA4-513EB3A79B71}.Release|Any CPU.ActiveCfg = Release|Any CPU
		{1F6E0751-9C4E-4A32-8FA4-513EB3A79B71}.Release|Any CPU.Build.0 = Release|Any CPU
	EndGlobalSection
	GlobalSection(SolutionProperties) = preSolution
		HideSolutionNode = FALSE
	EndGlobalSection
EndGlobal
