
Microsoft Visual Studio Solution File, Format Version 12.00
# Visual Studio 15
VisualStudioVersion = 15.0.28307.1209
MinimumVisualStudioVersion = 10.0.40219.1
Project("{FAE04EC0-301F-11D3-BF4B-00C04F79EFBC}") = "01索引器", "01索引器\01索引器.csproj", "{D2C27778-378B-4B87-8086-7C14317D3EE6}"
EndProject
Project("{FAE04EC0-301F-11D3-BF4B-00C04F79EFBC}") = "Test", "Test\Test.csproj", "{347CFEBD-24E5-4C4F-B116-204748552DBE}"
EndProject
Project("{FAE04EC0-301F-11D3-BF4B-00C04F79EFBC}") = "02、单例模式", "2、单例模式\02、单例模式.csproj", "{C7F37319-F6EB-462E-8F75-5E9EEEBB3604}"
EndProject
Project("{FAE04EC0-301F-11D3-BF4B-00C04F79EFBC}") = "03创建XML", "03创建XML\03创建XML.csproj", "{B7D467DF-93F4-48EC-9725-2E488E0B0B27}"
EndProject
Project("{FAE04EC0-301F-11D3-BF4B-00C04F79EFBC}") = "04、创建带属性的XML文档", "4、创建带属性的XML文档\04、创建带属性的XML文档.csproj", "{8BD0A457-289A-457F-B462-697CE1020C75}"
EndProject
Project("{FAE04EC0-301F-11D3-BF4B-00C04F79EFBC}") = "05、追加XML", "5、追击XML\05、追加XML.csproj", "{961C248E-920F-4489-8BA2-64104381F83F}"
EndProject
Project("{FAE04EC0-301F-11D3-BF4B-00C04F79EFBC}") = "06、读取XML文档", "6、读取XML文档\06、读取XML文档.csproj", "{C098E3E4-92AC-4F33-895B-714894631AAE}"
EndProject
Project("{FAE04EC0-301F-11D3-BF4B-00C04F79EFBC}") = "07、为什么要使用委托", "7、为什么要使用委托\07、为什么要使用委托.csproj", "{2ACAB0BE-2B3E-40D9-A6D7-ABA71A153318}"
EndProject
Project("{FAE04EC0-301F-11D3-BF4B-00C04F79EFBC}") = "08、委托概念", "8、委托概念\08、委托概念.csproj", "{D3F13B3A-FA62-42AC-A228-8DCBA3BDE3A4}"
EndProject
Project("{FAE04EC0-301F-11D3-BF4B-00C04F79EFBC}") = "09、匿名函数", "9、匿名函数\09、匿名函数.csproj", "{934D5781-6267-4182-B01A-C73D2A3D1148}"
EndProject
Project("{FAE04EC0-301F-11D3-BF4B-00C04F79EFBC}") = "10求数组的最大值", "10求数组的最大值\10求数组的最大值.csproj", "{7D43FEA4-9B6B-4D47-89AD-28A60BC5C4B1}"
EndProject
Project("{FAE04EC0-301F-11D3-BF4B-00C04F79EFBC}") = "11、泛型委托", "11、泛型委托\11、泛型委托.csproj", "{0C04CC16-50D0-4126-A958-0C7EB5A7E9EB}"
EndProject
Project("{FAE04EC0-301F-11D3-BF4B-00C04F79EFBC}") = "12、lamda表达式", "12、lamda表达式\12、lamda表达式.csproj", "{D5709C5E-75F2-4F58-AACF-F4CE8860C80F}"
EndProject
Project("{FAE04EC0-301F-11D3-BF4B-00C04F79EFBC}") = "13、使用委托来进行窗体传值", "13、使用委托来进行窗体传值\13、使用委托来进行窗体传值.csproj", "{B71101CC-C4D1-4404-991A-815A2F1B7794}"
EndProject
Project("{FAE04EC0-301F-11D3-BF4B-00C04F79EFBC}") = "14、窗体传值", "14、窗体传值\14、窗体传值.csproj", "{2984F1B6-9AFB-4ADF-8427-B114C9D9BA9C}"
EndProject
Project("{FAE04EC0-301F-11D3-BF4B-00C04F79EFBC}") = "15多播委托", "15多播委托\15多播委托.csproj", "{952C1080-5E20-449C-8EE2-F5E97E11C76C}"
EndProject
Project("{FAE04EC0-301F-11D3-BF4B-00C04F79EFBC}") = "01索引器02", "01索引器02\01索引器02.csproj", "{AD1907FD-5D9A-49EB-9AD2-5E0B2C4F3435}"
EndProject
Project("{FAE04EC0-301F-11D3-BF4B-00C04F79EFBC}") = "04、创建带属性的XML文档022", "04、创建带属性的XML文档022\04、创建带属性的XML文档022.csproj", "{F6EBA435-B36E-46F1-ADB8-84DF801E444B}"
EndProject
Global
	GlobalSection(SolutionConfigurationPlatforms) = preSolution
		Debug|Any CPU = Debug|Any CPU
		Release|Any CPU = Release|Any CPU
	EndGlobalSection
	GlobalSection(ProjectConfigurationPlatforms) = postSolution
		{D2C27778-378B-4B87-8086-7C14317D3EE6}.Debug|Any CPU.ActiveCfg = Debug|Any CPU
		{D2C27778-378B-4B87-8086-7C14317D3EE6}.Debug|Any CPU.Build.0 = Debug|Any CPU
		{D2C27778-378B-4B87-8086-7C14317D3EE6}.Release|Any CPU.ActiveCfg = Release|Any CPU
		{D2C27778-378B-4B87-8086-7C14317D3EE6}.Release|Any CPU.Build.0 = Release|Any CPU
		{347CFEBD-24E5-4C4F-B116-204748552DBE}.Debug|Any CPU.ActiveCfg = Debug|Any CPU
		{347CFEBD-24E5-4C4F-B116-204748552DBE}.Debug|Any CPU.Build.0 = Debug|Any CPU
		{347CFEBD-24E5-4C4F-B116-204748552DBE}.Release|Any CPU.ActiveCfg = Release|Any CPU
		{347CFEBD-24E5-4C4F-B116-204748552DBE}.Release|Any CPU.Build.0 = Release|Any CPU
		{C7F37319-F6EB-462E-8F75-5E9EEEBB3604}.Debug|Any CPU.ActiveCfg = Debug|Any CPU
		{C7F37319-F6EB-462E-8F75-5E9EEEBB3604}.Debug|Any CPU.Build.0 = Debug|Any CPU
		{C7F37319-F6EB-462E-8F75-5E9EEEBB3604}.Release|Any CPU.ActiveCfg = Release|Any CPU
		{C7F37319-F6EB-462E-8F75-5E9EEEBB3604}.Release|Any CPU.Build.0 = Release|Any CPU
		{B7D467DF-93F4-48EC-9725-2E488E0B0B27}.Debug|Any CPU.ActiveCfg = Debug|Any CPU
		{B7D467DF-93F4-48EC-9725-2E488E0B0B27}.Debug|Any CPU.Build.0 = Debug|Any CPU
		{B7D467DF-93F4-48EC-9725-2E488E0B0B27}.Release|Any CPU.ActiveCfg = Release|Any CPU
		{B7D467DF-93F4-48EC-9725-2E488E0B0B27}.Release|Any CPU.Build.0 = Release|Any CPU
		{8BD0A457-289A-457F-B462-697CE1020C75}.Debug|Any CPU.ActiveCfg = Debug|Any CPU
		{8BD0A457-289A-457F-B462-697CE1020C75}.Debug|Any CPU.Build.0 = Debug|Any CPU
		{8BD0A457-289A-457F-B462-697CE1020C75}.Release|Any CPU.ActiveCfg = Release|Any CPU
		{8BD0A457-289A-457F-B462-697CE1020C75}.Release|Any CPU.Build.0 = Release|Any CPU
		{961C248E-920F-4489-8BA2-64104381F83F}.Debug|Any CPU.ActiveCfg = Debug|Any CPU
		{961C248E-920F-4489-8BA2-64104381F83F}.Debug|Any CPU.Build.0 = Debug|Any CPU
		{961C248E-920F-4489-8BA2-64104381F83F}.Release|Any CPU.ActiveCfg = Release|Any CPU
		{961C248E-920F-4489-8BA2-64104381F83F}.Release|Any CPU.Build.0 = Release|Any CPU
		{C098E3E4-92AC-4F33-895B-714894631AAE}.Debug|Any CPU.ActiveCfg = Debug|Any CPU
		{C098E3E4-92AC-4F33-895B-714894631AAE}.Debug|Any CPU.Build.0 = Debug|Any CPU
		{C098E3E4-92AC-4F33-895B-714894631AAE}.Release|Any CPU.ActiveCfg = Release|Any CPU
		{C098E3E4-92AC-4F33-895B-714894631AAE}.Release|Any CPU.Build.0 = Release|Any CPU
		{2ACAB0BE-2B3E-40D9-A6D7-ABA71A153318}.Debug|Any CPU.ActiveCfg = Debug|Any CPU
		{2ACAB0BE-2B3E-40D9-A6D7-ABA71A153318}.Debug|Any CPU.Build.0 = Debug|Any CPU
		{2ACAB0BE-2B3E-40D9-A6D7-ABA71A153318}.Release|Any CPU.ActiveCfg = Release|Any CPU
		{2ACAB0BE-2B3E-40D9-A6D7-ABA71A153318}.Release|Any CPU.Build.0 = Release|Any CPU
		{D3F13B3A-FA62-42AC-A228-8DCBA3BDE3A4}.Debug|Any CPU.ActiveCfg = Debug|Any CPU
		{D3F13B3A-FA62-42AC-A228-8DCBA3BDE3A4}.Debug|Any CPU.Build.0 = Debug|Any CPU
		{D3F13B3A-FA62-42AC-A228-8DCBA3BDE3A4}.Release|Any CPU.ActiveCfg = Release|Any CPU
		{D3F13B3A-FA62-42AC-A228-8DCBA3BDE3A4}.Release|Any CPU.Build.0 = Release|Any CPU
		{934D5781-6267-4182-B01A-C73D2A3D1148}.Debug|Any CPU.ActiveCfg = Debug|Any CPU
		{934D5781-6267-4182-B01A-C73D2A3D1148}.Debug|Any CPU.Build.0 = Debug|Any CPU
		{934D5781-6267-4182-B01A-C73D2A3D1148}.Release|Any CPU.ActiveCfg = Release|Any CPU
		{934D5781-6267-4182-B01A-C73D2A3D1148}.Release|Any CPU.Build.0 = Release|Any CPU
		{7D43FEA4-9B6B-4D47-89AD-28A60BC5C4B1}.Debug|Any CPU.ActiveCfg = Debug|Any CPU
		{7D43FEA4-9B6B-4D47-89AD-28A60BC5C4B1}.Debug|Any CPU.Build.0 = Debug|Any CPU
		{7D43FEA4-9B6B-4D47-89AD-28A60BC5C4B1}.Release|Any CPU.ActiveCfg = Release|Any CPU
		{7D43FEA4-9B6B-4D47-89AD-28A60BC5C4B1}.Release|Any CPU.Build.0 = Release|Any CPU
		{0C04CC16-50D0-4126-A958-0C7EB5A7E9EB}.Debug|Any CPU.ActiveCfg = Debug|Any CPU
		{0C04CC16-50D0-4126-A958-0C7EB5A7E9EB}.Debug|Any CPU.Build.0 = Debug|Any CPU
		{0C04CC16-50D0-4126-A958-0C7EB5A7E9EB}.Release|Any CPU.ActiveCfg = Release|Any CPU
		{0C04CC16-50D0-4126-A958-0C7EB5A7E9EB}.Release|Any CPU.Build.0 = Release|Any CPU
		{D5709C5E-75F2-4F58-AACF-F4CE8860C80F}.Debug|Any CPU.ActiveCfg = Debug|Any CPU
		{D5709C5E-75F2-4F58-AACF-F4CE8860C80F}.Debug|Any CPU.Build.0 = Debug|Any CPU
		{D5709C5E-75F2-4F58-AACF-F4CE8860C80F}.Release|Any CPU.ActiveCfg = Release|Any CPU
		{D5709C5E-75F2-4F58-AACF-F4CE8860C80F}.Release|Any CPU.Build.0 = Release|Any CPU
		{B71101CC-C4D1-4404-991A-815A2F1B7794}.Debug|Any CPU.ActiveCfg = Debug|Any CPU
		{B71101CC-C4D1-4404-991A-815A2F1B7794}.Debug|Any CPU.Build.0 = Debug|Any CPU
		{B71101CC-C4D1-4404-991A-815A2F1B7794}.Release|Any CPU.ActiveCfg = Release|Any CPU
		{B71101CC-C4D1-4404-991A-815A2F1B7794}.Release|Any CPU.Build.0 = Release|Any CPU
		{2984F1B6-9AFB-4ADF-8427-B114C9D9BA9C}.Debug|Any CPU.ActiveCfg = Debug|Any CPU
		{2984F1B6-9AFB-4ADF-8427-B114C9D9BA9C}.Debug|Any CPU.Build.0 = Debug|Any CPU
		{2984F1B6-9AFB-4ADF-8427-B114C9D9BA9C}.Release|Any CPU.ActiveCfg = Release|Any CPU
		{2984F1B6-9AFB-4ADF-8427-B114C9D9BA9C}.Release|Any CPU.Build.0 = Release|Any CPU
		{952C1080-5E20-449C-8EE2-F5E97E11C76C}.Debug|Any CPU.ActiveCfg = Debug|Any CPU
		{952C1080-5E20-449C-8EE2-F5E97E11C76C}.Debug|Any CPU.Build.0 = Debug|Any CPU
		{952C1080-5E20-449C-8EE2-F5E97E11C76C}.Release|Any CPU.ActiveCfg = Release|Any CPU
		{952C1080-5E20-449C-8EE2-F5E97E11C76C}.Release|Any CPU.Build.0 = Release|Any CPU
		{AD1907FD-5D9A-49EB-9AD2-5E0B2C4F3435}.Debug|Any CPU.ActiveCfg = Debug|Any CPU
		{AD1907FD-5D9A-49EB-9AD2-5E0B2C4F3435}.Debug|Any CPU.Build.0 = Debug|Any CPU
		{AD1907FD-5D9A-49EB-9AD2-5E0B2C4F3435}.Release|Any CPU.ActiveCfg = Release|Any CPU
		{AD1907FD-5D9A-49EB-9AD2-5E0B2C4F3435}.Release|Any CPU.Build.0 = Release|Any CPU
		{F6EBA435-B36E-46F1-ADB8-84DF801E444B}.Debug|Any CPU.ActiveCfg = Debug|Any CPU
		{F6EBA435-B36E-46F1-ADB8-84DF801E444B}.Debug|Any CPU.Build.0 = Debug|Any CPU
		{F6EBA435-B36E-46F1-ADB8-84DF801E444B}.Release|Any CPU.ActiveCfg = Release|Any CPU
		{F6EBA435-B36E-46F1-ADB8-84DF801E444B}.Release|Any CPU.Build.0 = Release|Any CPU
	EndGlobalSection
	GlobalSection(SolutionProperties) = preSolution
		HideSolutionNode = FALSE
	EndGlobalSection
	GlobalSection(ExtensibilityGlobals) = postSolution
		SolutionGuid = {2478440F-7C21-4485-9309-A755C8447AA1}
	EndGlobalSection
EndGlobal
