
Microsoft Visual Studio Solution File, Format Version 12.00
# Visual Studio 15
VisualStudioVersion = 15.0.28307.1169
MinimumVisualStudioVersion = 10.0.40219.1
Project("{FAE04EC0-301F-11D3-BF4B-00C04F79EFBC}") = "01复习", "01复习\01复习.csproj", "{AC41E635-1F07-4619-B5E4-5AD1C3299B22}"
EndProject
Project("{FAE04EC0-301F-11D3-BF4B-00C04F79EFBC}") = "02访问修饰符", "02访问修饰符\02访问修饰符.csproj", "{D9115BF5-D32F-4193-B7C2-CBD00F1DE10C}"
EndProject
Project("{FAE04EC0-301F-11D3-BF4B-00C04F79EFBC}") = "02Test", "Test\02Test.csproj", "{BC4A83C2-222D-4BF1-9BEF-D49C2DE597D9}"
EndProject
Project("{FAE04EC0-301F-11D3-BF4B-00C04F79EFBC}") = "03简单工厂设计模式", "03简单工厂设计模式\03简单工厂设计模式.csproj", "{A6BB1E4D-BB8D-464A-ACC5-2A10358446B0}"
EndProject
Project("{FAE04EC0-301F-11D3-BF4B-00C04F79EFBC}") = "04值类型和引用类型", "04值类型和引用类型\04值类型和引用类型.csproj", "{A1E15301-2513-4720-9B68-D4BCAFE72C0E}"
EndProject
Project("{FAE04EC0-301F-11D3-BF4B-00C04F79EFBC}") = "05序列化和反序列化", "05序列化和反序列化\05序列化和反序列化.csproj", "{8ADE6C29-4563-40C1-AC19-999DEEC71A99}"
EndProject
Project("{FAE04EC0-301F-11D3-BF4B-00C04F79EFBC}") = "06部分类", "06部分类\06部分类.csproj", "{E41A31E0-2874-46C8-BD8D-228E0E1B0C20}"
EndProject
Project("{FAE04EC0-301F-11D3-BF4B-00C04F79EFBC}") = "07密封类", "07密封类\07密封类.csproj", "{A95AA618-7951-4F8C-8B83-D366607BC2A9}"
EndProject
Project("{FAE04EC0-301F-11D3-BF4B-00C04F79EFBC}") = "08重写ToString()方法", "08重写ToString()方法\08重写ToString()方法.csproj", "{E0AC3539-2EA8-42DF-B8B1-92B895CE91E2}"
EndProject
Project("{FAE04EC0-301F-11D3-BF4B-00C04F79EFBC}") = "09接口", "09接口\09接口.csproj", "{52558B54-68EF-4877-A4F9-E2A77F5312F1}"
EndProject
Project("{FAE04EC0-301F-11D3-BF4B-00C04F79EFBC}") = "10接口的语法特征", "10接口的语法特征\10接口的语法特征.csproj", "{B17C1D6F-E1B0-4C02-B598-64343BEC2987}"
EndProject
Project("{FAE04EC0-301F-11D3-BF4B-00C04F79EFBC}") = "11、自动属性和普通属性", "11、自动属性和普通属性\11、自动属性和普通属性.csproj", "{3473BFB3-47D8-433B-B906-37FCC4C5C4E2}"
EndProject
Project("{FAE04EC0-301F-11D3-BF4B-00C04F79EFBC}") = "12接口特点", "12接口特点\12接口特点.csproj", "{E5BCCEDA-AD6E-49FD-84A9-41BF4C0C983C}"
EndProject
Project("{FAE04EC0-301F-11D3-BF4B-00C04F79EFBC}") = "13接口练习", "13接口练习\13接口练习.csproj", "{7D1B7A70-4D48-49FA-8D49-658FAACF2174}"
EndProject
Project("{FAE04EC0-301F-11D3-BF4B-00C04F79EFBC}") = "14、显示实现接口", "14、显示实现接口\14、显示实现接口.csproj", "{F7BC09CA-C52F-4697-B0AA-D110E8367B6A}"
EndProject
Project("{FAE04EC0-301F-11D3-BF4B-00C04F79EFBC}") = "15、总结", "15、总结\15、总结.csproj", "{AA0DDEAA-9D5F-4B8D-91F2-D30F1ED34CF7}"
EndProject
Project("{FAE04EC0-301F-11D3-BF4B-00C04F79EFBC}") = "16超市收银系统", "16超市收银系统\16超市收银系统.csproj", "{EDEB2AE9-C655-4E4D-8E6A-EABA7E66E50E}"
EndProject
Project("{FAE04EC0-301F-11D3-BF4B-00C04F79EFBC}") = "17GUID", "17GUID\17GUID.csproj", "{B02C5C78-241C-4EDA-B351-30D734D7D160}"
EndProject
Project("{FAE04EC0-301F-11D3-BF4B-00C04F79EFBC}") = "16超市收银系统02", "16超市收银系统02\16超市收银系统02.csproj", "{462E72CC-BC13-4765-8B4B-3F236F2517D1}"
EndProject
Project("{FAE04EC0-301F-11D3-BF4B-00C04F79EFBC}") = "17GUID02", "17GUID02\17GUID02.csproj", "{41A4AE25-3829-4F98-8A97-6CD4A4D650DA}"
EndProject
Project("{FAE04EC0-301F-11D3-BF4B-00C04F79EFBC}") = "16超市收银系统newDemo", "16超市收银系统newDemo\16超市收银系统newDemo.csproj", "{4A1579DB-3702-46AA-824B-F65259B34CEE}"
EndProject
Global
	GlobalSection(SolutionConfigurationPlatforms) = preSolution
		Debug|Any CPU = Debug|Any CPU
		Release|Any CPU = Release|Any CPU
	EndGlobalSection
	GlobalSection(ProjectConfigurationPlatforms) = postSolution
		{AC41E635-1F07-4619-B5E4-5AD1C3299B22}.Debug|Any CPU.ActiveCfg = Debug|Any CPU
		{AC41E635-1F07-4619-B5E4-5AD1C3299B22}.Debug|Any CPU.Build.0 = Debug|Any CPU
		{AC41E635-1F07-4619-B5E4-5AD1C3299B22}.Release|Any CPU.ActiveCfg = Release|Any CPU
		{AC41E635-1F07-4619-B5E4-5AD1C3299B22}.Release|Any CPU.Build.0 = Release|Any CPU
		{D9115BF5-D32F-4193-B7C2-CBD00F1DE10C}.Debug|Any CPU.ActiveCfg = Debug|Any CPU
		{D9115BF5-D32F-4193-B7C2-CBD00F1DE10C}.Debug|Any CPU.Build.0 = Debug|Any CPU
		{D9115BF5-D32F-4193-B7C2-CBD00F1DE10C}.Release|Any CPU.ActiveCfg = Release|Any CPU
		{D9115BF5-D32F-4193-B7C2-CBD00F1DE10C}.Release|Any CPU.Build.0 = Release|Any CPU
		{BC4A83C2-222D-4BF1-9BEF-D49C2DE597D9}.Debug|Any CPU.ActiveCfg = Debug|Any CPU
		{BC4A83C2-222D-4BF1-9BEF-D49C2DE597D9}.Debug|Any CPU.Build.0 = Debug|Any CPU
		{BC4A83C2-222D-4BF1-9BEF-D49C2DE597D9}.Release|Any CPU.ActiveCfg = Release|Any CPU
		{BC4A83C2-222D-4BF1-9BEF-D49C2DE597D9}.Release|Any CPU.Build.0 = Release|Any CPU
		{A6BB1E4D-BB8D-464A-ACC5-2A10358446B0}.Debug|Any CPU.ActiveCfg = Debug|Any CPU
		{A6BB1E4D-BB8D-464A-ACC5-2A10358446B0}.Debug|Any CPU.Build.0 = Debug|Any CPU
		{A6BB1E4D-BB8D-464A-ACC5-2A10358446B0}.Release|Any CPU.ActiveCfg = Release|Any CPU
		{A6BB1E4D-BB8D-464A-ACC5-2A10358446B0}.Release|Any CPU.Build.0 = Release|Any CPU
		{A1E15301-2513-4720-9B68-D4BCAFE72C0E}.Debug|Any CPU.ActiveCfg = Debug|Any CPU
		{A1E15301-2513-4720-9B68-D4BCAFE72C0E}.Debug|Any CPU.Build.0 = Debug|Any CPU
		{A1E15301-2513-4720-9B68-D4BCAFE72C0E}.Release|Any CPU.ActiveCfg = Release|Any CPU
		{A1E15301-2513-4720-9B68-D4BCAFE72C0E}.Release|Any CPU.Build.0 = Release|Any CPU
		{8ADE6C29-4563-40C1-AC19-999DEEC71A99}.Debug|Any CPU.ActiveCfg = Debug|Any CPU
		{8ADE6C29-4563-40C1-AC19-999DEEC71A99}.Debug|Any CPU.Build.0 = Debug|Any CPU
		{8ADE6C29-4563-40C1-AC19-999DEEC71A99}.Release|Any CPU.ActiveCfg = Release|Any CPU
		{8ADE6C29-4563-40C1-AC19-999DEEC71A99}.Release|Any CPU.Build.0 = Release|Any CPU
		{E41A31E0-2874-46C8-BD8D-228E0E1B0C20}.Debug|Any CPU.ActiveCfg = Debug|Any CPU
		{E41A31E0-2874-46C8-BD8D-228E0E1B0C20}.Debug|Any CPU.Build.0 = Debug|Any CPU
		{E41A31E0-2874-46C8-BD8D-228E0E1B0C20}.Release|Any CPU.ActiveCfg = Release|Any CPU
		{E41A31E0-2874-46C8-BD8D-228E0E1B0C20}.Release|Any CPU.Build.0 = Release|Any CPU
		{A95AA618-7951-4F8C-8B83-D366607BC2A9}.Debug|Any CPU.ActiveCfg = Debug|Any CPU
		{A95AA618-7951-4F8C-8B83-D366607BC2A9}.Debug|Any CPU.Build.0 = Debug|Any CPU
		{A95AA618-7951-4F8C-8B83-D366607BC2A9}.Release|Any CPU.ActiveCfg = Release|Any CPU
		{A95AA618-7951-4F8C-8B83-D366607BC2A9}.Release|Any CPU.Build.0 = Release|Any CPU
		{E0AC3539-2EA8-42DF-B8B1-92B895CE91E2}.Debug|Any CPU.ActiveCfg = Debug|Any CPU
		{E0AC3539-2EA8-42DF-B8B1-92B895CE91E2}.Debug|Any CPU.Build.0 = Debug|Any CPU
		{E0AC3539-2EA8-42DF-B8B1-92B895CE91E2}.Release|Any CPU.ActiveCfg = Release|Any CPU
		{E0AC3539-2EA8-42DF-B8B1-92B895CE91E2}.Release|Any CPU.Build.0 = Release|Any CPU
		{52558B54-68EF-4877-A4F9-E2A77F5312F1}.Debug|Any CPU.ActiveCfg = Debug|Any CPU
		{52558B54-68EF-4877-A4F9-E2A77F5312F1}.Debug|Any CPU.Build.0 = Debug|Any CPU
		{52558B54-68EF-4877-A4F9-E2A77F5312F1}.Release|Any CPU.ActiveCfg = Release|Any CPU
		{52558B54-68EF-4877-A4F9-E2A77F5312F1}.Release|Any CPU.Build.0 = Release|Any CPU
		{B17C1D6F-E1B0-4C02-B598-64343BEC2987}.Debug|Any CPU.ActiveCfg = Debug|Any CPU
		{B17C1D6F-E1B0-4C02-B598-64343BEC2987}.Debug|Any CPU.Build.0 = Debug|Any CPU
		{B17C1D6F-E1B0-4C02-B598-64343BEC2987}.Release|Any CPU.ActiveCfg = Release|Any CPU
		{B17C1D6F-E1B0-4C02-B598-64343BEC2987}.Release|Any CPU.Build.0 = Release|Any CPU
		{3473BFB3-47D8-433B-B906-37FCC4C5C4E2}.Debug|Any CPU.ActiveCfg = Debug|Any CPU
		{3473BFB3-47D8-433B-B906-37FCC4C5C4E2}.Debug|Any CPU.Build.0 = Debug|Any CPU
		{3473BFB3-47D8-433B-B906-37FCC4C5C4E2}.Release|Any CPU.ActiveCfg = Release|Any CPU
		{3473BFB3-47D8-433B-B906-37FCC4C5C4E2}.Release|Any CPU.Build.0 = Release|Any CPU
		{E5BCCEDA-AD6E-49FD-84A9-41BF4C0C983C}.Debug|Any CPU.ActiveCfg = Debug|Any CPU
		{E5BCCEDA-AD6E-49FD-84A9-41BF4C0C983C}.Debug|Any CPU.Build.0 = Debug|Any CPU
		{E5BCCEDA-AD6E-49FD-84A9-41BF4C0C983C}.Release|Any CPU.ActiveCfg = Release|Any CPU
		{E5BCCEDA-AD6E-49FD-84A9-41BF4C0C983C}.Release|Any CPU.Build.0 = Release|Any CPU
		{7D1B7A70-4D48-49FA-8D49-658FAACF2174}.Debug|Any CPU.ActiveCfg = Debug|Any CPU
		{7D1B7A70-4D48-49FA-8D49-658FAACF2174}.Debug|Any CPU.Build.0 = Debug|Any CPU
		{7D1B7A70-4D48-49FA-8D49-658FAACF2174}.Release|Any CPU.ActiveCfg = Release|Any CPU
		{7D1B7A70-4D48-49FA-8D49-658FAACF2174}.Release|Any CPU.Build.0 = Release|Any CPU
		{F7BC09CA-C52F-4697-B0AA-D110E8367B6A}.Debug|Any CPU.ActiveCfg = Debug|Any CPU
		{F7BC09CA-C52F-4697-B0AA-D110E8367B6A}.Debug|Any CPU.Build.0 = Debug|Any CPU
		{F7BC09CA-C52F-4697-B0AA-D110E8367B6A}.Release|Any CPU.ActiveCfg = Release|Any CPU
		{F7BC09CA-C52F-4697-B0AA-D110E8367B6A}.Release|Any CPU.Build.0 = Release|Any CPU
		{AA0DDEAA-9D5F-4B8D-91F2-D30F1ED34CF7}.Debug|Any CPU.ActiveCfg = Debug|Any CPU
		{AA0DDEAA-9D5F-4B8D-91F2-D30F1ED34CF7}.Debug|Any CPU.Build.0 = Debug|Any CPU
		{AA0DDEAA-9D5F-4B8D-91F2-D30F1ED34CF7}.Release|Any CPU.ActiveCfg = Release|Any CPU
		{AA0DDEAA-9D5F-4B8D-91F2-D30F1ED34CF7}.Release|Any CPU.Build.0 = Release|Any CPU
		{EDEB2AE9-C655-4E4D-8E6A-EABA7E66E50E}.Debug|Any CPU.ActiveCfg = Debug|Any CPU
		{EDEB2AE9-C655-4E4D-8E6A-EABA7E66E50E}.Debug|Any CPU.Build.0 = Debug|Any CPU
		{EDEB2AE9-C655-4E4D-8E6A-EABA7E66E50E}.Release|Any CPU.ActiveCfg = Release|Any CPU
		{EDEB2AE9-C655-4E4D-8E6A-EABA7E66E50E}.Release|Any CPU.Build.0 = Release|Any CPU
		{B02C5C78-241C-4EDA-B351-30D734D7D160}.Debug|Any CPU.ActiveCfg = Debug|Any CPU
		{B02C5C78-241C-4EDA-B351-30D734D7D160}.Debug|Any CPU.Build.0 = Debug|Any CPU
		{B02C5C78-241C-4EDA-B351-30D734D7D160}.Release|Any CPU.ActiveCfg = Release|Any CPU
		{B02C5C78-241C-4EDA-B351-30D734D7D160}.Release|Any CPU.Build.0 = Release|Any CPU
		{462E72CC-BC13-4765-8B4B-3F236F2517D1}.Debug|Any CPU.ActiveCfg = Debug|Any CPU
		{462E72CC-BC13-4765-8B4B-3F236F2517D1}.Debug|Any CPU.Build.0 = Debug|Any CPU
		{462E72CC-BC13-4765-8B4B-3F236F2517D1}.Release|Any CPU.ActiveCfg = Release|Any CPU
		{462E72CC-BC13-4765-8B4B-3F236F2517D1}.Release|Any CPU.Build.0 = Release|Any CPU
		{41A4AE25-3829-4F98-8A97-6CD4A4D650DA}.Debug|Any CPU.ActiveCfg = Debug|Any CPU
		{41A4AE25-3829-4F98-8A97-6CD4A4D650DA}.Debug|Any CPU.Build.0 = Debug|Any CPU
		{41A4AE25-3829-4F98-8A97-6CD4A4D650DA}.Release|Any CPU.ActiveCfg = Release|Any CPU
		{41A4AE25-3829-4F98-8A97-6CD4A4D650DA}.Release|Any CPU.Build.0 = Release|Any CPU
		{4A1579DB-3702-46AA-824B-F65259B34CEE}.Debug|Any CPU.ActiveCfg = Debug|Any CPU
		{4A1579DB-3702-46AA-824B-F65259B34CEE}.Debug|Any CPU.Build.0 = Debug|Any CPU
		{4A1579DB-3702-46AA-824B-F65259B34CEE}.Release|Any CPU.ActiveCfg = Release|Any CPU
		{4A1579DB-3702-46AA-824B-F65259B34CEE}.Release|Any CPU.Build.0 = Release|Any CPU
	EndGlobalSection
	GlobalSection(SolutionProperties) = preSolution
		HideSolutionNode = FALSE
	EndGlobalSection
	GlobalSection(ExtensibilityGlobals) = postSolution
		SolutionGuid = {D72CEB52-08C2-4D6C-8024-3938F0EF4513}
	EndGlobalSection
EndGlobal
