
Microsoft Visual Studio Solution File, Format Version 12.00
# Visual Studio 15
VisualStudioVersion = 15.0.28307.1169
MinimumVisualStudioVersion = 10.0.40219.1
Project("{FAE04EC0-301F-11D3-BF4B-00C04F79EFBC}") = "01复习", "01复习\01复习.csproj", "{7FCAE538-9548-4C8E-BA79-904F6B79ECB5}"
EndProject
Project("{FAE04EC0-301F-11D3-BF4B-00C04F79EFBC}") = "02、List泛型集合", "02、List泛型集合\02、List泛型集合.csproj", "{458498C2-F688-4A48-A743-19C2B0DC8101}"
EndProject
Project("{FAE04EC0-301F-11D3-BF4B-00C04F79EFBC}") = "03、装箱和拆箱", "03、装箱和拆箱\03、装箱和拆箱.csproj", "{0DEB1B35-50EA-4F97-AF6F-68C864D8756D}"
EndProject
Project("{FAE04EC0-301F-11D3-BF4B-00C04F79EFBC}") = "04Dictionary", "04Dictionary\04Dictionary.csproj", "{D84CB7C7-8C65-4290-B7EC-0A082CDDE2AE}"
EndProject
Project("{FAE04EC0-301F-11D3-BF4B-00C04F79EFBC}") = "05泛型集合的练习", "05泛型集合的练习\05泛型集合的练习.csproj", "{AE3DD33B-6EBA-4ED3-8EB8-679F07AA4E6B}"
EndProject
Project("{FAE04EC0-301F-11D3-BF4B-00C04F79EFBC}") = "fileStream", "FileStream\fileStream.csproj", "{DCCAE6E6-3EFD-46A0-9B9A-77A4E6AB0B69}"
EndProject
Project("{FAE04EC0-301F-11D3-BF4B-00C04F79EFBC}") = "06文件流", "06文件流\06文件流.csproj", "{DAF6EF17-440F-4A35-86F6-4CFD4CD3C6E8}"
EndProject
Project("{FAE04EC0-301F-11D3-BF4B-00C04F79EFBC}") = "07使用文件流来实现多媒体文件的复制", "07使用文件流来实现多媒体文件的复制\07使用文件流来实现多媒体文件的复制.csproj", "{741FBFBE-BA44-4EC6-96D8-5D757909550D}"
EndProject
Project("{FAE04EC0-301F-11D3-BF4B-00C04F79EFBC}") = "08StreamReader和StreamWriter", "08StreamReader和StreamWriter\08StreamReader和StreamWriter.csproj", "{7E701890-F618-409B-9268-87C182F46E86}"
EndProject
Project("{FAE04EC0-301F-11D3-BF4B-00C04F79EFBC}") = "09多态", "09多态\09多态.csproj", "{C49588BE-F040-41FD-836B-93D664F33918}"
EndProject
Project("{FAE04EC0-301F-11D3-BF4B-00C04F79EFBC}") = "10多态练习", "10多态练习\10多态练习.csproj", "{5B9D621E-4F7E-42E6-A929-DD4FB7DB8562}"
EndProject
Project("{FAE04EC0-301F-11D3-BF4B-00C04F79EFBC}") = "11、抽象类", "11、抽象类\11、抽象类.csproj", "{20A014BE-B68E-4379-B3A2-CA43C636ECAB}"
EndProject
Project("{FAE04EC0-301F-11D3-BF4B-00C04F79EFBC}") = "12、抽象类练习", "12、抽象类\12、抽象类练习.csproj", "{7E9A4FB3-390E-48FF-AF99-CB5D19FC7DC4}"
EndProject
Project("{FAE04EC0-301F-11D3-BF4B-00C04F79EFBC}") = "13、电脑、移动硬盘、U盘、MP3", "13、电脑、移动硬盘、U盘、MP3\13、电脑、移动硬盘、U盘、MP3.csproj", "{0AE9947C-9570-46A2-BA56-EF685ADB9039}"
EndProject
Project("{FAE04EC0-301F-11D3-BF4B-00C04F79EFBC}") = "01复习02", "01复习02\01复习02.csproj", "{6FACCA40-9127-4DAA-8856-BB91CC017185}"
EndProject
Project("{FAE04EC0-301F-11D3-BF4B-00C04F79EFBC}") = "05泛型集合的练习02", "05泛型集合的练习02\05泛型集合的练习02.csproj", "{CE9410CC-1BEE-4803-83F1-B99EC8A12E27}"
EndProject
Project("{FAE04EC0-301F-11D3-BF4B-00C04F79EFBC}") = "10多态练习02", "10多态练习02\10多态练习02.csproj", "{D9604FA3-EDAB-46CA-9667-D504B38025D4}"
EndProject
Project("{FAE04EC0-301F-11D3-BF4B-00C04F79EFBC}") = "11、抽象类02", "11、抽象类02\11、抽象类02.csproj", "{DBC91EE1-07BD-4F44-98FB-2C0E3B04F81D}"
EndProject
Project("{FAE04EC0-301F-11D3-BF4B-00C04F79EFBC}") = "12、抽象类练习02", "12、抽象类练习02\12、抽象类练习02.csproj", "{4EB2AFCC-9985-4308-87AE-5AE42DC5BF4E}"
EndProject
Global
	GlobalSection(SolutionConfigurationPlatforms) = preSolution
		Debug|Any CPU = Debug|Any CPU
		Release|Any CPU = Release|Any CPU
	EndGlobalSection
	GlobalSection(ProjectConfigurationPlatforms) = postSolution
		{7FCAE538-9548-4C8E-BA79-904F6B79ECB5}.Debug|Any CPU.ActiveCfg = Debug|Any CPU
		{7FCAE538-9548-4C8E-BA79-904F6B79ECB5}.Debug|Any CPU.Build.0 = Debug|Any CPU
		{7FCAE538-9548-4C8E-BA79-904F6B79ECB5}.Release|Any CPU.ActiveCfg = Release|Any CPU
		{7FCAE538-9548-4C8E-BA79-904F6B79ECB5}.Release|Any CPU.Build.0 = Release|Any CPU
		{458498C2-F688-4A48-A743-19C2B0DC8101}.Debug|Any CPU.ActiveCfg = Debug|Any CPU
		{458498C2-F688-4A48-A743-19C2B0DC8101}.Debug|Any CPU.Build.0 = Debug|Any CPU
		{458498C2-F688-4A48-A743-19C2B0DC8101}.Release|Any CPU.ActiveCfg = Release|Any CPU
		{458498C2-F688-4A48-A743-19C2B0DC8101}.Release|Any CPU.Build.0 = Release|Any CPU
		{0DEB1B35-50EA-4F97-AF6F-68C864D8756D}.Debug|Any CPU.ActiveCfg = Debug|Any CPU
		{0DEB1B35-50EA-4F97-AF6F-68C864D8756D}.Debug|Any CPU.Build.0 = Debug|Any CPU
		{0DEB1B35-50EA-4F97-AF6F-68C864D8756D}.Release|Any CPU.ActiveCfg = Release|Any CPU
		{0DEB1B35-50EA-4F97-AF6F-68C864D8756D}.Release|Any CPU.Build.0 = Release|Any CPU
		{D84CB7C7-8C65-4290-B7EC-0A082CDDE2AE}.Debug|Any CPU.ActiveCfg = Debug|Any CPU
		{D84CB7C7-8C65-4290-B7EC-0A082CDDE2AE}.Debug|Any CPU.Build.0 = Debug|Any CPU
		{D84CB7C7-8C65-4290-B7EC-0A082CDDE2AE}.Release|Any CPU.ActiveCfg = Release|Any CPU
		{D84CB7C7-8C65-4290-B7EC-0A082CDDE2AE}.Release|Any CPU.Build.0 = Release|Any CPU
		{AE3DD33B-6EBA-4ED3-8EB8-679F07AA4E6B}.Debug|Any CPU.ActiveCfg = Debug|Any CPU
		{AE3DD33B-6EBA-4ED3-8EB8-679F07AA4E6B}.Debug|Any CPU.Build.0 = Debug|Any CPU
		{AE3DD33B-6EBA-4ED3-8EB8-679F07AA4E6B}.Release|Any CPU.ActiveCfg = Release|Any CPU
		{AE3DD33B-6EBA-4ED3-8EB8-679F07AA4E6B}.Release|Any CPU.Build.0 = Release|Any CPU
		{DCCAE6E6-3EFD-46A0-9B9A-77A4E6AB0B69}.Debug|Any CPU.ActiveCfg = Debug|Any CPU
		{DCCAE6E6-3EFD-46A0-9B9A-77A4E6AB0B69}.Debug|Any CPU.Build.0 = Debug|Any CPU
		{DCCAE6E6-3EFD-46A0-9B9A-77A4E6AB0B69}.Release|Any CPU.ActiveCfg = Release|Any CPU
		{DCCAE6E6-3EFD-46A0-9B9A-77A4E6AB0B69}.Release|Any CPU.Build.0 = Release|Any CPU
		{DAF6EF17-440F-4A35-86F6-4CFD4CD3C6E8}.Debug|Any CPU.ActiveCfg = Debug|Any CPU
		{DAF6EF17-440F-4A35-86F6-4CFD4CD3C6E8}.Debug|Any CPU.Build.0 = Debug|Any CPU
		{DAF6EF17-440F-4A35-86F6-4CFD4CD3C6E8}.Release|Any CPU.ActiveCfg = Release|Any CPU
		{DAF6EF17-440F-4A35-86F6-4CFD4CD3C6E8}.Release|Any CPU.Build.0 = Release|Any CPU
		{741FBFBE-BA44-4EC6-96D8-5D757909550D}.Debug|Any CPU.ActiveCfg = Debug|Any CPU
		{741FBFBE-BA44-4EC6-96D8-5D757909550D}.Debug|Any CPU.Build.0 = Debug|Any CPU
		{741FBFBE-BA44-4EC6-96D8-5D757909550D}.Release|Any CPU.ActiveCfg = Release|Any CPU
		{741FBFBE-BA44-4EC6-96D8-5D757909550D}.Release|Any CPU.Build.0 = Release|Any CPU
		{7E701890-F618-409B-9268-87C182F46E86}.Debug|Any CPU.ActiveCfg = Debug|Any CPU
		{7E701890-F618-409B-9268-87C182F46E86}.Debug|Any CPU.Build.0 = Debug|Any CPU
		{7E701890-F618-409B-9268-87C182F46E86}.Release|Any CPU.ActiveCfg = Release|Any CPU
		{7E701890-F618-409B-9268-87C182F46E86}.Release|Any CPU.Build.0 = Release|Any CPU
		{C49588BE-F040-41FD-836B-93D664F33918}.Debug|Any CPU.ActiveCfg = Debug|Any CPU
		{C49588BE-F040-41FD-836B-93D664F33918}.Debug|Any CPU.Build.0 = Debug|Any CPU
		{C49588BE-F040-41FD-836B-93D664F33918}.Release|Any CPU.ActiveCfg = Release|Any CPU
		{C49588BE-F040-41FD-836B-93D664F33918}.Release|Any CPU.Build.0 = Release|Any CPU
		{5B9D621E-4F7E-42E6-A929-DD4FB7DB8562}.Debug|Any CPU.ActiveCfg = Debug|Any CPU
		{5B9D621E-4F7E-42E6-A929-DD4FB7DB8562}.Debug|Any CPU.Build.0 = Debug|Any CPU
		{5B9D621E-4F7E-42E6-A929-DD4FB7DB8562}.Release|Any CPU.ActiveCfg = Release|Any CPU
		{5B9D621E-4F7E-42E6-A929-DD4FB7DB8562}.Release|Any CPU.Build.0 = Release|Any CPU
		{20A014BE-B68E-4379-B3A2-CA43C636ECAB}.Debug|Any CPU.ActiveCfg = Debug|Any CPU
		{20A014BE-B68E-4379-B3A2-CA43C636ECAB}.Debug|Any CPU.Build.0 = Debug|Any CPU
		{20A014BE-B68E-4379-B3A2-CA43C636ECAB}.Release|Any CPU.ActiveCfg = Release|Any CPU
		{20A014BE-B68E-4379-B3A2-CA43C636ECAB}.Release|Any CPU.Build.0 = Release|Any CPU
		{7E9A4FB3-390E-48FF-AF99-CB5D19FC7DC4}.Debug|Any CPU.ActiveCfg = Debug|Any CPU
		{7E9A4FB3-390E-48FF-AF99-CB5D19FC7DC4}.Debug|Any CPU.Build.0 = Debug|Any CPU
		{7E9A4FB3-390E-48FF-AF99-CB5D19FC7DC4}.Release|Any CPU.ActiveCfg = Release|Any CPU
		{7E9A4FB3-390E-48FF-AF99-CB5D19FC7DC4}.Release|Any CPU.Build.0 = Release|Any CPU
		{0AE9947C-9570-46A2-BA56-EF685ADB9039}.Debug|Any CPU.ActiveCfg = Debug|Any CPU
		{0AE9947C-9570-46A2-BA56-EF685ADB9039}.Debug|Any CPU.Build.0 = Debug|Any CPU
		{0AE9947C-9570-46A2-BA56-EF685ADB9039}.Release|Any CPU.ActiveCfg = Release|Any CPU
		{0AE9947C-9570-46A2-BA56-EF685ADB9039}.Release|Any CPU.Build.0 = Release|Any CPU
		{6FACCA40-9127-4DAA-8856-BB91CC017185}.Debug|Any CPU.ActiveCfg = Debug|Any CPU
		{6FACCA40-9127-4DAA-8856-BB91CC017185}.Debug|Any CPU.Build.0 = Debug|Any CPU
		{6FACCA40-9127-4DAA-8856-BB91CC017185}.Release|Any CPU.ActiveCfg = Release|Any CPU
		{6FACCA40-9127-4DAA-8856-BB91CC017185}.Release|Any CPU.Build.0 = Release|Any CPU
		{CE9410CC-1BEE-4803-83F1-B99EC8A12E27}.Debug|Any CPU.ActiveCfg = Debug|Any CPU
		{CE9410CC-1BEE-4803-83F1-B99EC8A12E27}.Debug|Any CPU.Build.0 = Debug|Any CPU
		{CE9410CC-1BEE-4803-83F1-B99EC8A12E27}.Release|Any CPU.ActiveCfg = Release|Any CPU
		{CE9410CC-1BEE-4803-83F1-B99EC8A12E27}.Release|Any CPU.Build.0 = Release|Any CPU
		{D9604FA3-EDAB-46CA-9667-D504B38025D4}.Debug|Any CPU.ActiveCfg = Debug|Any CPU
		{D9604FA3-EDAB-46CA-9667-D504B38025D4}.Debug|Any CPU.Build.0 = Debug|Any CPU
		{D9604FA3-EDAB-46CA-9667-D504B38025D4}.Release|Any CPU.ActiveCfg = Release|Any CPU
		{D9604FA3-EDAB-46CA-9667-D504B38025D4}.Release|Any CPU.Build.0 = Release|Any CPU
		{DBC91EE1-07BD-4F44-98FB-2C0E3B04F81D}.Debug|Any CPU.ActiveCfg = Debug|Any CPU
		{DBC91EE1-07BD-4F44-98FB-2C0E3B04F81D}.Debug|Any CPU.Build.0 = Debug|Any CPU
		{DBC91EE1-07BD-4F44-98FB-2C0E3B04F81D}.Release|Any CPU.ActiveCfg = Release|Any CPU
		{DBC91EE1-07BD-4F44-98FB-2C0E3B04F81D}.Release|Any CPU.Build.0 = Release|Any CPU
		{4EB2AFCC-9985-4308-87AE-5AE42DC5BF4E}.Debug|Any CPU.ActiveCfg = Debug|Any CPU
		{4EB2AFCC-9985-4308-87AE-5AE42DC5BF4E}.Debug|Any CPU.Build.0 = Debug|Any CPU
		{4EB2AFCC-9985-4308-87AE-5AE42DC5BF4E}.Release|Any CPU.ActiveCfg = Release|Any CPU
		{4EB2AFCC-9985-4308-87AE-5AE42DC5BF4E}.Release|Any CPU.Build.0 = Release|Any CPU
	EndGlobalSection
	GlobalSection(SolutionProperties) = preSolution
		HideSolutionNode = FALSE
	EndGlobalSection
	GlobalSection(ExtensibilityGlobals) = postSolution
		SolutionGuid = {F35307B3-35E1-43C4-A07A-CD9E1F06A667}
	EndGlobalSection
EndGlobal
